{
  "version": 4,
  "terraform_version": "1.14.0",
  "serial": 158,
  "lineage": "3bb3e3b3-c061-3de5-a197-54a656a89cf3",
  "outputs": {
    "cloudwatch_log_group_fraud_detection": {
      "value": "/aws/fraud-detection/test/fraud-detection-service",
      "type": "string"
    },
    "cloudwatch_log_group_transaction_producer": {
      "value": "/aws/fraud-detection/test/transaction-producer",
      "type": "string"
    },
    "cloudwatch_log_groups": {
      "value": {
        "fraud_detection": "/aws/fraud-detection/test/fraud-detection-service",
        "transaction_producer": "/aws/fraud-detection/test/transaction-producer"
      },
      "type": [
        "object",
        {
          "fraud_detection": "string",
          "transaction_producer": "string"
        }
      ]
    },
    "eks_cluster_arn": {
      "value": "arn:aws:eks:us-east-1:057410425588:cluster/fraud-detection-cluster-test",
      "type": "string"
    },
    "eks_cluster_certificate_authority_data": {
      "value": "LS0tLS1CRUdJTiBDRVJUSUZJQ0FURS0tLS0tCk1JSURCVENDQWUyZ0F3SUJBZ0lJVVBYY1MwUTlaYkV3RFFZSktvWklodmNOQVFFTEJRQXdGVEVUTUJFR0ExVUUKQXhNS2EzVmlaWEp1WlhSbGN6QWVGdzB5TlRFeU1ESXhNekV6TkRCYUZ3MHpOVEV4TXpBeE16RTROREJhTUJVeApFekFSQmdOVkJBTVRDbXQxWW1WeWJtVjBaWE13Z2dFaU1BMEdDU3FHU0liM0RRRUJBUVVBQTRJQkR3QXdnZ0VLCkFvSUJBUUN2blRBclgvZ2ptZFdQZ1VMbkRuRkM4ditmRTlxaUZEN0ZlU0EzTC9EekNvT3gxSXRMQVRKY2xOaWUKaGt4U1lrdnhqM25jMDRreExiWEZsRGQ0MjVTWk9xSEFMZGU2TUtOZUlCRmF1TXlFUS9MeFlXaUNscmFjM1Jmdwp3Y0FjY2ZpYXBxa3Z0YkRabGFIUitvTExDZ1E3UGJ5d2lNYThsMjAraDI0VU5DK0Y0c1R6NzN3WnE0VmpEbTA1Ckdyb3M0ZHNOa29TWDllYWFlSkp0TXhSUEh0VUc5ZzMvYTVXdFpabnh1bDZTeDcxK1lLb3lveDhsRkI2OGVjeUEKcURkWmE5TTcraEV3OUwzWnZRTzBLanhVblQ0aEpuQVN6TStZSWZYTHNwTStIR1pKNFAyUFJhMURRNmRMZGJLVwpLeEJYQ3NJSkJrTlJUWWZzcmt4VEJobm5Kb041QWdNQkFBR2pXVEJYTUE0R0ExVWREd0VCL3dRRUF3SUNwREFQCkJnTlZIUk1CQWY4RUJUQURBUUgvTUIwR0ExVWREZ1FXQkJRVTJhenlvbHhwRFZ3aGkranlvTXNHMUo2TkN6QVYKQmdOVkhSRUVEakFNZ2dwcmRXSmxjbTVsZEdWek1BMEdDU3FHU0liM0RRRUJDd1VBQTRJQkFRQmpnUzZUdmtVTAo4TTBzWVFmZjczSkR2bFhxdFlLUUxoakwrZkpmMERkcGJPUVJWbWMxaVJVQ2NrcUxxbHk4Z3lNM1puZ0xHM1EwCnRrY2Fra3FDZVBOdHdLaEwzenhDUHVLcCtBTExkWjVUZzZTVFk1eGJLbzJIV3MxYytUYjNDZmJFYzQ2VE9yS2kKVjRlMTExT3F3VnJ6SitoR2FBWW9Ha1pQQjBRekF1VVNRdnhSa2ZOczY0NGluaUFITjRUb1drTU9FQ0FIQmxKVgppZ3pPMlZQK1dqSTkxME9rUGgwMEVBSUIwUTliTW1lQnhiVy96SXpQWlZDVGlqWE91cnBQSkhjNWtuRm8ybXpDCjEyd0Z0OTdXb0tVMk0xdDVQVUd1a0NUamMzQk80QjJKVUYrNEZsLzdqZXVwL2NURHhuNzZxTmtoUkZPajdqM0oKM1pOMkdCeE1wZytICi0tLS0tRU5EIENFUlRJRklDQVRFLS0tLS0K",
      "type": "string",
      "sensitive": true
    },
    "eks_cluster_endpoint": {
      "value": "https://5AA28E523FA6E1E9FB6083945C31D3E5.gr7.us-east-1.eks.amazonaws.com",
      "type": "string"
    },
    "eks_cluster_id": {
      "value": "fraud-detection-cluster-test",
      "type": "string"
    },
    "eks_cluster_security_group_id": {
      "value": "sg-08164dd8702495e3e",
      "type": "string"
    },
    "eks_oidc_provider_arn": {
      "value": "arn:aws:iam::057410425588:oidc-provider/oidc.eks.us-east-1.amazonaws.com/id/5AA28E523FA6E1E9FB6083945C31D3E5",
      "type": "string"
    },
    "eks_pod_identity_agent_addon_version": {
      "value": "v1.3.4-eksbuild.1",
      "type": "string"
    },
    "eks_public_subnet_ids": {
      "value": [
        "subnet-09b5efc967d481868",
        "subnet-007ba32bd3bcb0c3f"
      ],
      "type": [
        "list",
        "string"
      ]
    },
    "eks_vpc_cni_addon_version": {
      "value": "v1.19.0-eksbuild.1",
      "type": "string"
    },
    "eks_vpc_id": {
      "value": "vpc-0f41e62e18784c5dc",
      "type": "string"
    },
    "fraud_detection_role_arn": {
      "value": "arn:aws:iam::057410425588:role/fraud-detection-service-test",
      "type": "string"
    },
    "github_actions_eks_deploy_policy_arn": {
      "value": "arn:aws:iam::057410425588:policy/GithubActionsEKSDeployPolicy-test",
      "type": "string"
    },
    "github_actions_user_name": {
      "value": "aws_user",
      "type": "string"
    },
    "helm_serviceaccount_annotations_fraud_detection": {
      "value": {
        "eks.amazonaws.com/role-arn": "arn:aws:iam::057410425588:role/fraud-detection-service-test"
      },
      "type": [
        "object",
        {
          "eks.amazonaws.com/role-arn": "string"
        }
      ]
    },
    "helm_serviceaccount_annotations_transaction_producer": {
      "value": {
        "eks.amazonaws.com/role-arn": "arn:aws:iam::057410425588:role/transaction-producer-test"
      },
      "type": [
        "object",
        {
          "eks.amazonaws.com/role-arn": "string"
        }
      ]
    },
    "helm_values_snippet_fraud_detection": {
      "value": "serviceAccount:\r\n  create: true\r\n  annotations:\r\n    eks.amazonaws.com/role-arn: arn:aws:iam::057410425588:role/fraud-detection-service-test\r\n",
      "type": "string"
    },
    "helm_values_snippet_transaction_producer": {
      "value": "serviceAccount:\r\n  create: true\r\n  annotations:\r\n    eks.amazonaws.com/role-arn: arn:aws:iam::057410425588:role/transaction-producer-test\r\n",
      "type": "string"
    },
    "region": {
      "value": "us-east-1",
      "type": "string"
    },
    "sqs_dlq_url": {
      "value": "https://sqs.us-east-1.amazonaws.com/057410425588/fraud-detection-dlq-test",
      "type": "string"
    },
    "sqs_queue_arn": {
      "value": "arn:aws:sqs:us-east-1:057410425588:fraud-detection-queue-test",
      "type": "string"
    },
    "sqs_queue_name": {
      "value": "fraud-detection-queue-test",
      "type": "string"
    },
    "sqs_queue_url": {
      "value": "https://sqs.us-east-1.amazonaws.com/057410425588/fraud-detection-queue-test",
      "type": "string"
    },
    "transaction_producer_role_arn": {
      "value": "arn:aws:iam::057410425588:role/transaction-producer-test",
      "type": "string"
    }
  },
  "resources": [
    {
      "mode": "data",
      "type": "aws_availability_zones",
      "name": "available",
      "provider": "provider[\"registry.terraform.io/hashicorp/aws\"]",
      "instances": [
        {
          "index_key": 0,
          "schema_version": 0,
          "attributes": {
            "all_availability_zones": null,
            "exclude_names": null,
            "exclude_zone_ids": null,
            "filter": null,
            "group_names": [
              "us-east-1-zg-1"
            ],
            "id": "us-east-1",
            "names": [
              "us-east-1a",
              "us-east-1b",
              "us-east-1c",
              "us-east-1d",
              "us-east-1e",
              "us-east-1f"
            ],
            "state": "available",
            "timeouts": null,
            "zone_ids": [
              "use1-az1",
              "use1-az2",
              "use1-az4",
              "use1-az6",
              "use1-az3",
              "use1-az5"
            ]
          },
          "sensitive_attributes": [],
          "identity_schema_version": 0
        }
      ]
    },
    {
      "mode": "data",
      "type": "aws_caller_identity",
      "name": "current",
      "provider": "provider[\"registry.terraform.io/hashicorp/aws\"]",
      "instances": [
        {
          "schema_version": 0,
          "attributes": {
            "account_id": "057410425588",
            "arn": "arn:aws:iam::057410425588:user/aws_user",
            "id": "057410425588",
            "user_id": "AIDAQ2XPNSL2CYGTBZ7OR"
          },
          "sensitive_attributes": [],
          "identity_schema_version": 0
        }
      ]
    },
    {
      "mode": "data",
      "type": "aws_iam_user",
      "name": "github_actions_user",
      "provider": "provider[\"registry.terraform.io/hashicorp/aws\"]",
      "instances": [
        {
          "index_key": 0,
          "schema_version": 0,
          "attributes": {
            "arn": "arn:aws:iam::057410425588:user/aws_user",
            "id": "AIDAQ2XPNSL2CYGTBZ7OR",
            "path": "/",
            "permissions_boundary": "",
            "tags": {
              "AKIAQ2XPNSL2FC74WJNN": "GitHub_Action",
              "AKIAQ2XPNSL2KWZZ3FEC": "github_action_test",
              "AKIAQ2XPNSL2N2VLHG5U": "command line terraform"
            },
            "user_id": "AIDAQ2XPNSL2CYGTBZ7OR",
            "user_name": "aws_user"
          },
          "sensitive_attributes": [],
          "identity_schema_version": 0
        }
      ]
    },
    {
      "mode": "data",
      "type": "aws_partition",
      "name": "current",
      "provider": "provider[\"registry.terraform.io/hashicorp/aws\"]",
      "instances": [
        {
          "schema_version": 0,
          "attributes": {
            "dns_suffix": "amazonaws.com",
            "id": "aws",
            "partition": "aws",
            "reverse_dns_prefix": "com.amazonaws"
          },
          "sensitive_attributes": [],
          "identity_schema_version": 0
        }
      ]
    },
    {
      "mode": "managed",
      "type": "aws_cloudwatch_dashboard",
      "name": "fraud_detection",
      "provider": "provider[\"registry.terraform.io/hashicorp/aws\"]",
      "instances": [
        {
          "index_key": 0,
          "schema_version": 0,
          "attributes": {
            "dashboard_arn": "arn:aws:cloudwatch::057410425588:dashboard/FraudDetection-test",
            "dashboard_body": "{\"widgets\":[{\"height\":6,\"properties\":{\"metrics\":[[\"FraudDetection/test\",\"FraudDetectedCount\",{\"color\":\"#d62728\",\"period\":60,\"stat\":\"Sum\"}]],\"region\":\"us-east-1\",\"stacked\":false,\"title\":\"Fraud Detected\",\"view\":\"timeSeries\"},\"type\":\"metric\",\"width\":6,\"x\":0,\"y\":0},{\"height\":6,\"properties\":{\"metrics\":[[\"FraudDetection/test\",\"FraudSeverityHigh\",{\"color\":\"#d62728\",\"label\":\"High\",\"period\":60,\"stat\":\"Sum\"}],[\".\",\"FraudSeverityMedium\",{\"color\":\"#ff7f0e\",\"label\":\"Medium\",\"period\":60,\"stat\":\"Sum\"}],[\".\",\"FraudSeverityLow\",{\"color\":\"#2ca02c\",\"label\":\"Low\",\"period\":60,\"stat\":\"Sum\"}]],\"region\":\"us-east-1\",\"stacked\":true,\"title\":\"Fraud by Severity\",\"view\":\"timeSeries\"},\"type\":\"metric\",\"width\":6,\"x\":6,\"y\":0},{\"height\":6,\"properties\":{\"metrics\":[[\"FraudDetection/test\",\"TransactionsSent\",{\"color\":\"#1f77b4\",\"label\":\"Sent\",\"period\":60,\"stat\":\"Sum\"}],[\".\",\"TransactionsReceived\",{\"color\":\"#17becf\",\"label\":\"Received\",\"period\":60,\"stat\":\"Sum\"}],[\".\",\"TransactionsProcessed\",{\"color\":\"#2ca02c\",\"label\":\"Processed\",\"period\":60,\"stat\":\"Sum\"}],[\".\",\"TransactionsCleared\",{\"color\":\"#98df8a\",\"label\":\"Cleared\",\"period\":60,\"stat\":\"Sum\"}]],\"region\":\"us-east-1\",\"stacked\":false,\"title\":\"Transactions Flow\",\"view\":\"timeSeries\"},\"type\":\"metric\",\"width\":6,\"x\":12,\"y\":0},{\"height\":6,\"properties\":{\"metrics\":[[\"FraudDetection/test\",\"ErrorCount\",{\"color\":\"#d62728\",\"period\":60,\"stat\":\"Sum\"}],[\".\",\"ProcessingErrors\",{\"color\":\"#ff7f0e\",\"period\":60,\"stat\":\"Sum\"}]],\"region\":\"us-east-1\",\"stacked\":false,\"title\":\"Error Rate\",\"view\":\"timeSeries\"},\"type\":\"metric\",\"width\":6,\"x\":18,\"y\":0},{\"height\":6,\"properties\":{\"metrics\":[[\"FraudDetection/test\",\"RuleViolationLargeAmount\",{\"label\":\"Large Amount\",\"period\":300,\"stat\":\"Sum\"}],[\".\",\"RuleViolationSuspiciousAccount\",{\"label\":\"Suspicious Account\",\"period\":300,\"stat\":\"Sum\"}],[\".\",\"RuleViolationRapidFire\",{\"label\":\"Rapid Fire\",\"period\":300,\"stat\":\"Sum\"}]],\"region\":\"us-east-1\",\"stacked\":false,\"title\":\"Rule Violations by Type\",\"view\":\"bar\"},\"type\":\"metric\",\"width\":8,\"x\":0,\"y\":6},{\"height\":6,\"properties\":{\"metrics\":[[\"FraudDetection/test\",\"HighLatencyCount\",{\"color\":\"#ff7f0e\",\"label\":\"High Latency\",\"period\":60,\"stat\":\"Sum\"}],[\".\",\"RingBufferHighUtilization\",{\"color\":\"#d62728\",\"label\":\"Ring Buffer Pressure\",\"period\":60,\"stat\":\"Sum\"}]],\"region\":\"us-east-1\",\"stacked\":false,\"title\":\"Performance Indicators\",\"view\":\"timeSeries\"},\"type\":\"metric\",\"width\":8,\"x\":8,\"y\":6},{\"height\":6,\"properties\":{\"metrics\":[[\"AWS/SQS\",\"ApproximateNumberOfMessagesVisible\",\"QueueName\",\"fraud-detection-queue-test\",{\"label\":\"Messages Visible\",\"period\":60,\"stat\":\"Average\"}],[\".\",\"ApproximateAgeOfOldestMessage\",\"QueueName\",\"fraud-detection-queue-test\",{\"label\":\"Oldest Message Age (s)\",\"period\":60,\"stat\":\"Maximum\",\"yAxis\":\"right\"}]],\"region\":\"us-east-1\",\"stacked\":false,\"title\":\"SQS Queue Health\",\"view\":\"timeSeries\"},\"type\":\"metric\",\"width\":8,\"x\":16,\"y\":6},{\"height\":4,\"properties\":{\"metrics\":[[\"FraudDetection/test\",\"FraudDetectedCount\",{\"period\":86400,\"stat\":\"Sum\"}]],\"region\":\"us-east-1\",\"title\":\"Total Fraud (24h)\",\"view\":\"singleValue\"},\"type\":\"metric\",\"width\":4,\"x\":0,\"y\":12},{\"height\":4,\"properties\":{\"metrics\":[[\"FraudDetection/test\",\"TransactionsProcessed\",{\"period\":86400,\"stat\":\"Sum\"}]],\"region\":\"us-east-1\",\"title\":\"Total Transactions (24h)\",\"view\":\"singleValue\"},\"type\":\"metric\",\"width\":4,\"x\":4,\"y\":12},{\"height\":4,\"properties\":{\"metrics\":[[{\"expression\":\"100 * m1 / m2\",\"id\":\"e1\",\"label\":\"Fraud Rate\"}],[\"FraudDetection/test\",\"FraudDetectedCount\",{\"id\":\"m1\",\"period\":86400,\"stat\":\"Sum\",\"visible\":false}],[\".\",\"TransactionsProcessed\",{\"id\":\"m2\",\"period\":86400,\"stat\":\"Sum\",\"visible\":false}]],\"region\":\"us-east-1\",\"title\":\"Fraud Rate (%)\",\"view\":\"singleValue\"},\"type\":\"metric\",\"width\":4,\"x\":8,\"y\":12},{\"height\":4,\"properties\":{\"metrics\":[[\"FraudDetection/test\",\"ErrorCount\",{\"color\":\"#d62728\",\"period\":86400,\"stat\":\"Sum\"}]],\"region\":\"us-east-1\",\"title\":\"Errors (24h)\",\"view\":\"singleValue\"},\"type\":\"metric\",\"width\":4,\"x\":12,\"y\":12},{\"height\":4,\"properties\":{\"metrics\":[[\"AWS/SQS\",\"ApproximateNumberOfMessagesVisible\",\"QueueName\",\"fraud-detection-dlq-test\",{\"color\":\"#d62728\",\"period\":300,\"stat\":\"Sum\"}]],\"region\":\"us-east-1\",\"stacked\":false,\"title\":\"DLQ Messages\",\"view\":\"timeSeries\"},\"type\":\"metric\",\"width\":8,\"x\":16,\"y\":12}]}",
            "dashboard_name": "FraudDetection-test",
            "id": "FraudDetection-test"
          },
          "sensitive_attributes": [],
          "identity_schema_version": 0,
          "private": "bnVsbA=="
        }
      ]
    },
    {
      "mode": "managed",
      "type": "aws_cloudwatch_log_group",
      "name": "fraud_detection_logs",
      "provider": "provider[\"registry.terraform.io/hashicorp/aws\"]",
      "instances": [
        {
          "index_key": 0,
          "schema_version": 0,
          "attributes": {
            "arn": "arn:aws:logs:us-east-1:057410425588:log-group:/aws/fraud-detection/test/fraud-detection-service",
            "id": "/aws/fraud-detection/test/fraud-detection-service",
            "kms_key_id": "",
            "log_group_class": "STANDARD",
            "name": "/aws/fraud-detection/test/fraud-detection-service",
            "name_prefix": "",
            "retention_in_days": 7,
            "skip_destroy": false,
            "tags": {
              "Application": "FraudDetection",
              "CostCenter": "Engineering",
              "Environment": "test",
              "Name": "fraud-detection-service-logs",
              "Service": "fraud-detection-service",
              "Team": "Platform"
            },
            "tags_all": {
              "Application": "FraudDetection",
              "CostCenter": "Engineering",
              "Environment": "test",
              "ManagedBy": "Terraform",
              "Name": "fraud-detection-service-logs",
              "Project": "fraud-detection-system",
              "Service": "fraud-detection-service",
              "Team": "Platform"
            }
          },
          "sensitive_attributes": [],
          "identity_schema_version": 0,
          "private": "bnVsbA=="
        }
      ]
    },
    {
      "mode": "managed",
      "type": "aws_cloudwatch_log_group",
      "name": "transaction_producer_logs",
      "provider": "provider[\"registry.terraform.io/hashicorp/aws\"]",
      "instances": [
        {
          "index_key": 0,
          "schema_version": 0,
          "attributes": {
            "arn": "arn:aws:logs:us-east-1:057410425588:log-group:/aws/fraud-detection/test/transaction-producer",
            "id": "/aws/fraud-detection/test/transaction-producer",
            "kms_key_id": "",
            "log_group_class": "STANDARD",
            "name": "/aws/fraud-detection/test/transaction-producer",
            "name_prefix": "",
            "retention_in_days": 7,
            "skip_destroy": false,
            "tags": {
              "Application": "FraudDetection",
              "CostCenter": "Engineering",
              "Environment": "test",
              "Name": "transaction-producer-logs",
              "Service": "transaction-producer",
              "Team": "Platform"
            },
            "tags_all": {
              "Application": "FraudDetection",
              "CostCenter": "Engineering",
              "Environment": "test",
              "ManagedBy": "Terraform",
              "Name": "transaction-producer-logs",
              "Project": "fraud-detection-system",
              "Service": "transaction-producer",
              "Team": "Platform"
            }
          },
          "sensitive_attributes": [],
          "identity_schema_version": 0,
          "private": "bnVsbA=="
        }
      ]
    },
    {
      "mode": "managed",
      "type": "aws_cloudwatch_log_metric_filter",
      "name": "error_count",
      "provider": "provider[\"registry.terraform.io/hashicorp/aws\"]",
      "instances": [
        {
          "index_key": 0,
          "schema_version": 0,
          "attributes": {
            "id": "error-count-test",
            "log_group_name": "/aws/fraud-detection/test/fraud-detection-service",
            "metric_transformation": [
              {
                "default_value": "0",
                "dimensions": {},
                "name": "ErrorCount",
                "namespace": "FraudDetection/test",
                "unit": "Count",
                "value": "1"
              }
            ],
            "name": "error-count-test",
            "pattern": "ERROR"
          },
          "sensitive_attributes": [],
          "identity_schema_version": 0,
          "private": "bnVsbA==",
          "dependencies": [
            "aws_cloudwatch_log_group.fraud_detection_logs"
          ]
        }
      ]
    },
    {
      "mode": "managed",
      "type": "aws_cloudwatch_log_metric_filter",
      "name": "fraud_detected",
      "provider": "provider[\"registry.terraform.io/hashicorp/aws\"]",
      "instances": [
        {
          "index_key": 0,
          "schema_version": 0,
          "attributes": {
            "id": "fraud-detected-test",
            "log_group_name": "/aws/fraud-detection/test/fraud-detection-service",
            "metric_transformation": [
              {
                "default_value": "0",
                "dimensions": {},
                "name": "FraudDetectedCount",
                "namespace": "FraudDetection/test",
                "unit": "Count",
                "value": "1"
              }
            ],
            "name": "fraud-detected-test",
            "pattern": "\"FRAUD_DETECTED\""
          },
          "sensitive_attributes": [],
          "identity_schema_version": 0,
          "private": "bnVsbA==",
          "dependencies": [
            "aws_cloudwatch_log_group.fraud_detection_logs"
          ]
        }
      ]
    },
    {
      "mode": "managed",
      "type": "aws_cloudwatch_log_metric_filter",
      "name": "fraud_severity_high",
      "provider": "provider[\"registry.terraform.io/hashicorp/aws\"]",
      "instances": [
        {
          "index_key": 0,
          "schema_version": 0,
          "attributes": {
            "id": "fraud-severity-high-test",
            "log_group_name": "/aws/fraud-detection/test/fraud-detection-service",
            "metric_transformation": [
              {
                "default_value": "0",
                "dimensions": null,
                "name": "FraudSeverityHigh",
                "namespace": "FraudDetection/test",
                "unit": "Count",
                "value": "1"
              }
            ],
            "name": "fraud-severity-high-test",
            "pattern": "\"FRAUD_DETECTED\" \"severity=HIGH\""
          },
          "sensitive_attributes": [],
          "identity_schema_version": 0,
          "private": "bnVsbA==",
          "dependencies": [
            "aws_cloudwatch_log_group.fraud_detection_logs"
          ]
        }
      ]
    },
    {
      "mode": "managed",
      "type": "aws_cloudwatch_log_metric_filter",
      "name": "fraud_severity_low",
      "provider": "provider[\"registry.terraform.io/hashicorp/aws\"]",
      "instances": [
        {
          "index_key": 0,
          "schema_version": 0,
          "attributes": {
            "id": "fraud-severity-low-test",
            "log_group_name": "/aws/fraud-detection/test/fraud-detection-service",
            "metric_transformation": [
              {
                "default_value": "0",
                "dimensions": null,
                "name": "FraudSeverityLow",
                "namespace": "FraudDetection/test",
                "unit": "Count",
                "value": "1"
              }
            ],
            "name": "fraud-severity-low-test",
            "pattern": "\"FRAUD_DETECTED\" \"severity=LOW\""
          },
          "sensitive_attributes": [],
          "identity_schema_version": 0,
          "private": "bnVsbA==",
          "dependencies": [
            "aws_cloudwatch_log_group.fraud_detection_logs"
          ]
        }
      ]
    },
    {
      "mode": "managed",
      "type": "aws_cloudwatch_log_metric_filter",
      "name": "fraud_severity_medium",
      "provider": "provider[\"registry.terraform.io/hashicorp/aws\"]",
      "instances": [
        {
          "index_key": 0,
          "schema_version": 0,
          "attributes": {
            "id": "fraud-severity-medium-test",
            "log_group_name": "/aws/fraud-detection/test/fraud-detection-service",
            "metric_transformation": [
              {
                "default_value": "0",
                "dimensions": null,
                "name": "FraudSeverityMedium",
                "namespace": "FraudDetection/test",
                "unit": "Count",
                "value": "1"
              }
            ],
            "name": "fraud-severity-medium-test",
            "pattern": "\"FRAUD_DETECTED\" \"severity=MEDIUM\""
          },
          "sensitive_attributes": [],
          "identity_schema_version": 0,
          "private": "bnVsbA==",
          "dependencies": [
            "aws_cloudwatch_log_group.fraud_detection_logs"
          ]
        }
      ]
    },
    {
      "mode": "managed",
      "type": "aws_cloudwatch_log_metric_filter",
      "name": "high_latency",
      "provider": "provider[\"registry.terraform.io/hashicorp/aws\"]",
      "instances": [
        {
          "index_key": 0,
          "schema_version": 0,
          "attributes": {
            "id": "high-latency-test",
            "log_group_name": "/aws/fraud-detection/test/fraud-detection-service",
            "metric_transformation": [
              {
                "default_value": "0",
                "dimensions": {},
                "name": "HighLatencyCount",
                "namespace": "FraudDetection/test",
                "unit": "Count",
                "value": "1"
              }
            ],
            "name": "high-latency-test",
            "pattern": "\"HIGH_LATENCY\""
          },
          "sensitive_attributes": [],
          "identity_schema_version": 0,
          "private": "bnVsbA==",
          "dependencies": [
            "aws_cloudwatch_log_group.fraud_detection_logs"
          ]
        }
      ]
    },
    {
      "mode": "managed",
      "type": "aws_cloudwatch_log_metric_filter",
      "name": "processing_error",
      "provider": "provider[\"registry.terraform.io/hashicorp/aws\"]",
      "instances": [
        {
          "index_key": 0,
          "schema_version": 0,
          "attributes": {
            "id": "processing-error-test",
            "log_group_name": "/aws/fraud-detection/test/fraud-detection-service",
            "metric_transformation": [
              {
                "default_value": "0",
                "dimensions": null,
                "name": "ProcessingErrors",
                "namespace": "FraudDetection/test",
                "unit": "Count",
                "value": "1"
              }
            ],
            "name": "processing-error-test",
            "pattern": "\"PROCESSING_ERROR\""
          },
          "sensitive_attributes": [],
          "identity_schema_version": 0,
          "private": "bnVsbA==",
          "dependencies": [
            "aws_cloudwatch_log_group.fraud_detection_logs"
          ]
        }
      ]
    },
    {
      "mode": "managed",
      "type": "aws_cloudwatch_log_metric_filter",
      "name": "ring_buffer_high",
      "provider": "provider[\"registry.terraform.io/hashicorp/aws\"]",
      "instances": [
        {
          "index_key": 0,
          "schema_version": 0,
          "attributes": {
            "id": "ring-buffer-high-test",
            "log_group_name": "/aws/fraud-detection/test/fraud-detection-service",
            "metric_transformation": [
              {
                "default_value": "0",
                "dimensions": null,
                "name": "RingBufferHighUtilization",
                "namespace": "FraudDetection/test",
                "unit": "Count",
                "value": "1"
              }
            ],
            "name": "ring-buffer-high-test",
            "pattern": "\"RING_BUFFER_HIGH_UTILIZATION\""
          },
          "sensitive_attributes": [],
          "identity_schema_version": 0,
          "private": "bnVsbA==",
          "dependencies": [
            "aws_cloudwatch_log_group.fraud_detection_logs"
          ]
        }
      ]
    },
    {
      "mode": "managed",
      "type": "aws_cloudwatch_log_metric_filter",
      "name": "rule_large_amount",
      "provider": "provider[\"registry.terraform.io/hashicorp/aws\"]",
      "instances": [
        {
          "index_key": 0,
          "schema_version": 0,
          "attributes": {
            "id": "rule-large-amount-test",
            "log_group_name": "/aws/fraud-detection/test/fraud-detection-service",
            "metric_transformation": [
              {
                "default_value": "0",
                "dimensions": null,
                "name": "RuleViolationLargeAmount",
                "namespace": "FraudDetection/test",
                "unit": "Count",
                "value": "1"
              }
            ],
            "name": "rule-large-amount-test",
            "pattern": "\"RULE_VIOLATION\" \"rule=LARGE_AMOUNT\""
          },
          "sensitive_attributes": [],
          "identity_schema_version": 0,
          "private": "bnVsbA==",
          "dependencies": [
            "aws_cloudwatch_log_group.fraud_detection_logs"
          ]
        }
      ]
    },
    {
      "mode": "managed",
      "type": "aws_cloudwatch_log_metric_filter",
      "name": "rule_rapid_fire",
      "provider": "provider[\"registry.terraform.io/hashicorp/aws\"]",
      "instances": [
        {
          "index_key": 0,
          "schema_version": 0,
          "attributes": {
            "id": "rule-rapid-fire-test",
            "log_group_name": "/aws/fraud-detection/test/fraud-detection-service",
            "metric_transformation": [
              {
                "default_value": "0",
                "dimensions": null,
                "name": "RuleViolationRapidFire",
                "namespace": "FraudDetection/test",
                "unit": "Count",
                "value": "1"
              }
            ],
            "name": "rule-rapid-fire-test",
            "pattern": "\"RULE_VIOLATION\" \"rule=RAPID_FIRE\""
          },
          "sensitive_attributes": [],
          "identity_schema_version": 0,
          "private": "bnVsbA==",
          "dependencies": [
            "aws_cloudwatch_log_group.fraud_detection_logs"
          ]
        }
      ]
    },
    {
      "mode": "managed",
      "type": "aws_cloudwatch_log_metric_filter",
      "name": "rule_suspicious_account",
      "provider": "provider[\"registry.terraform.io/hashicorp/aws\"]",
      "instances": [
        {
          "index_key": 0,
          "schema_version": 0,
          "attributes": {
            "id": "rule-suspicious-account-test",
            "log_group_name": "/aws/fraud-detection/test/fraud-detection-service",
            "metric_transformation": [
              {
                "default_value": "0",
                "dimensions": null,
                "name": "RuleViolationSuspiciousAccount",
                "namespace": "FraudDetection/test",
                "unit": "Count",
                "value": "1"
              }
            ],
            "name": "rule-suspicious-account-test",
            "pattern": "\"RULE_VIOLATION\" \"rule=SUSPICIOUS_ACCOUNT\""
          },
          "sensitive_attributes": [],
          "identity_schema_version": 0,
          "private": "bnVsbA==",
          "dependencies": [
            "aws_cloudwatch_log_group.fraud_detection_logs"
          ]
        }
      ]
    },
    {
      "mode": "managed",
      "type": "aws_cloudwatch_log_metric_filter",
      "name": "transaction_cleared",
      "provider": "provider[\"registry.terraform.io/hashicorp/aws\"]",
      "instances": [
        {
          "index_key": 0,
          "schema_version": 0,
          "attributes": {
            "id": "transaction-cleared-test",
            "log_group_name": "/aws/fraud-detection/test/fraud-detection-service",
            "metric_transformation": [
              {
                "default_value": "0",
                "dimensions": null,
                "name": "TransactionsCleared",
                "namespace": "FraudDetection/test",
                "unit": "Count",
                "value": "1"
              }
            ],
            "name": "transaction-cleared-test",
            "pattern": "\"TRANSACTION_CLEARED\""
          },
          "sensitive_attributes": [],
          "identity_schema_version": 0,
          "private": "bnVsbA==",
          "dependencies": [
            "aws_cloudwatch_log_group.fraud_detection_logs"
          ]
        }
      ]
    },
    {
      "mode": "managed",
      "type": "aws_cloudwatch_log_metric_filter",
      "name": "transaction_processed",
      "provider": "provider[\"registry.terraform.io/hashicorp/aws\"]",
      "instances": [
        {
          "index_key": 0,
          "schema_version": 0,
          "attributes": {
            "id": "transaction-processed-test",
            "log_group_name": "/aws/fraud-detection/test/fraud-detection-service",
            "metric_transformation": [
              {
                "default_value": "0",
                "dimensions": null,
                "name": "TransactionsProcessed",
                "namespace": "FraudDetection/test",
                "unit": "Count",
                "value": "1"
              }
            ],
            "name": "transaction-processed-test",
            "pattern": "\"TRANSACTION_PROCESSED\""
          },
          "sensitive_attributes": [],
          "identity_schema_version": 0,
          "private": "bnVsbA==",
          "dependencies": [
            "aws_cloudwatch_log_group.fraud_detection_logs"
          ]
        }
      ]
    },
    {
      "mode": "managed",
      "type": "aws_cloudwatch_log_metric_filter",
      "name": "transaction_received",
      "provider": "provider[\"registry.terraform.io/hashicorp/aws\"]",
      "instances": [
        {
          "index_key": 0,
          "schema_version": 0,
          "attributes": {
            "id": "transaction-received-test",
            "log_group_name": "/aws/fraud-detection/test/fraud-detection-service",
            "metric_transformation": [
              {
                "default_value": "0",
                "dimensions": null,
                "name": "TransactionsReceived",
                "namespace": "FraudDetection/test",
                "unit": "Count",
                "value": "1"
              }
            ],
            "name": "transaction-received-test",
            "pattern": "\"TRANSACTION_RECEIVED\""
          },
          "sensitive_attributes": [],
          "identity_schema_version": 0,
          "private": "bnVsbA==",
          "dependencies": [
            "aws_cloudwatch_log_group.fraud_detection_logs"
          ]
        }
      ]
    },
    {
      "mode": "managed",
      "type": "aws_cloudwatch_log_metric_filter",
      "name": "transaction_sent",
      "provider": "provider[\"registry.terraform.io/hashicorp/aws\"]",
      "instances": [
        {
          "index_key": 0,
          "schema_version": 0,
          "attributes": {
            "id": "transaction-sent-test",
            "log_group_name": "/aws/fraud-detection/test/transaction-producer",
            "metric_transformation": [
              {
                "default_value": "0",
                "dimensions": null,
                "name": "TransactionsSent",
                "namespace": "FraudDetection/test",
                "unit": "Count",
                "value": "1"
              }
            ],
            "name": "transaction-sent-test",
            "pattern": "\"TRANSACTION_SENT\""
          },
          "sensitive_attributes": [],
          "identity_schema_version": 0,
          "private": "bnVsbA==",
          "dependencies": [
            "aws_cloudwatch_log_group.transaction_producer_logs"
          ]
        }
      ]
    },
    {
      "mode": "managed",
      "type": "aws_cloudwatch_metric_alarm",
      "name": "high_error_rate",
      "provider": "provider[\"registry.terraform.io/hashicorp/aws\"]",
      "instances": [
        {
          "index_key": 0,
          "schema_version": 1,
          "attributes": {
            "actions_enabled": true,
            "alarm_actions": [],
            "alarm_description": "Alert when error rate exceeds 20 per 5 minutes",
            "alarm_name": "fraud-detection-high-error-rate-test",
            "arn": "arn:aws:cloudwatch:us-east-1:057410425588:alarm:fraud-detection-high-error-rate-test",
            "comparison_operator": "GreaterThanThreshold",
            "datapoints_to_alarm": 0,
            "dimensions": {},
            "evaluate_low_sample_count_percentiles": "",
            "evaluation_periods": 2,
            "extended_statistic": "",
            "id": "fraud-detection-high-error-rate-test",
            "insufficient_data_actions": [],
            "metric_name": "ErrorCount",
            "metric_query": [],
            "namespace": "FraudDetection/test",
            "ok_actions": [],
            "period": 300,
            "statistic": "Sum",
            "tags": {
              "Application": "FraudDetection",
              "CostCenter": "Engineering",
              "Service": "fraud-detection",
              "Severity": "HIGH",
              "Team": "Platform"
            },
            "tags_all": {
              "Application": "FraudDetection",
              "CostCenter": "Engineering",
              "Environment": "test",
              "ManagedBy": "Terraform",
              "Project": "fraud-detection-system",
              "Service": "fraud-detection",
              "Severity": "HIGH",
              "Team": "Platform"
            },
            "threshold": 20,
            "threshold_metric_id": "",
            "treat_missing_data": "notBreaching",
            "unit": ""
          },
          "sensitive_attributes": [],
          "identity_schema_version": 0,
          "private": "eyJzY2hlbWFfdmVyc2lvbiI6IjEifQ=="
        }
      ]
    },
    {
      "mode": "managed",
      "type": "aws_cloudwatch_metric_alarm",
      "name": "high_fraud_rate",
      "provider": "provider[\"registry.terraform.io/hashicorp/aws\"]",
      "instances": [
        {
          "index_key": 0,
          "schema_version": 1,
          "attributes": {
            "actions_enabled": true,
            "alarm_actions": [],
            "alarm_description": "Alert when fraud detection rate exceeds 50 per 5 minutes",
            "alarm_name": "fraud-detection-high-fraud-rate-test",
            "arn": "arn:aws:cloudwatch:us-east-1:057410425588:alarm:fraud-detection-high-fraud-rate-test",
            "comparison_operator": "GreaterThanThreshold",
            "datapoints_to_alarm": 0,
            "dimensions": {},
            "evaluate_low_sample_count_percentiles": "",
            "evaluation_periods": 3,
            "extended_statistic": "",
            "id": "fraud-detection-high-fraud-rate-test",
            "insufficient_data_actions": [],
            "metric_name": "FraudDetectedCount",
            "metric_query": [],
            "namespace": "FraudDetection/test",
            "ok_actions": [],
            "period": 300,
            "statistic": "Sum",
            "tags": {
              "Application": "FraudDetection",
              "CostCenter": "Engineering",
              "Service": "fraud-detection",
              "Severity": "HIGH",
              "Team": "Platform"
            },
            "tags_all": {
              "Application": "FraudDetection",
              "CostCenter": "Engineering",
              "Environment": "test",
              "ManagedBy": "Terraform",
              "Project": "fraud-detection-system",
              "Service": "fraud-detection",
              "Severity": "HIGH",
              "Team": "Platform"
            },
            "threshold": 50,
            "threshold_metric_id": "",
            "treat_missing_data": "notBreaching",
            "unit": ""
          },
          "sensitive_attributes": [],
          "identity_schema_version": 0,
          "private": "eyJzY2hlbWFfdmVyc2lvbiI6IjEifQ=="
        }
      ]
    },
    {
      "mode": "managed",
      "type": "aws_cloudwatch_metric_alarm",
      "name": "high_latency_alert",
      "provider": "provider[\"registry.terraform.io/hashicorp/aws\"]",
      "instances": [
        {
          "index_key": 0,
          "schema_version": 1,
          "attributes": {
            "actions_enabled": true,
            "alarm_actions": [],
            "alarm_description": "Alert when high latency events exceed 10 per 5 minutes",
            "alarm_name": "fraud-detection-high-latency-test",
            "arn": "arn:aws:cloudwatch:us-east-1:057410425588:alarm:fraud-detection-high-latency-test",
            "comparison_operator": "GreaterThanThreshold",
            "datapoints_to_alarm": 0,
            "dimensions": {},
            "evaluate_low_sample_count_percentiles": "",
            "evaluation_periods": 3,
            "extended_statistic": "",
            "id": "fraud-detection-high-latency-test",
            "insufficient_data_actions": [],
            "metric_name": "HighLatencyCount",
            "metric_query": [],
            "namespace": "FraudDetection/test",
            "ok_actions": [],
            "period": 300,
            "statistic": "Sum",
            "tags": {
              "Application": "FraudDetection",
              "CostCenter": "Engineering",
              "Service": "fraud-detection",
              "Severity": "MEDIUM",
              "Team": "Platform"
            },
            "tags_all": {
              "Application": "FraudDetection",
              "CostCenter": "Engineering",
              "Environment": "test",
              "ManagedBy": "Terraform",
              "Project": "fraud-detection-system",
              "Service": "fraud-detection",
              "Severity": "MEDIUM",
              "Team": "Platform"
            },
            "threshold": 10,
            "threshold_metric_id": "",
            "treat_missing_data": "notBreaching",
            "unit": ""
          },
          "sensitive_attributes": [],
          "identity_schema_version": 0,
          "private": "eyJzY2hlbWFfdmVyc2lvbiI6IjEifQ=="
        }
      ]
    },
    {
      "mode": "managed",
      "type": "aws_cloudwatch_metric_alarm",
      "name": "high_severity_fraud",
      "provider": "provider[\"registry.terraform.io/hashicorp/aws\"]",
      "instances": [
        {
          "index_key": 0,
          "schema_version": 1,
          "attributes": {
            "actions_enabled": true,
            "alarm_actions": [],
            "alarm_description": "Alert when high severity fraud exceeds 5 per minute",
            "alarm_name": "fraud-detection-high-severity-test",
            "arn": "arn:aws:cloudwatch:us-east-1:057410425588:alarm:fraud-detection-high-severity-test",
            "comparison_operator": "GreaterThanThreshold",
            "datapoints_to_alarm": 0,
            "dimensions": {},
            "evaluate_low_sample_count_percentiles": "",
            "evaluation_periods": 1,
            "extended_statistic": "",
            "id": "fraud-detection-high-severity-test",
            "insufficient_data_actions": [],
            "metric_name": "FraudSeverityHigh",
            "metric_query": [],
            "namespace": "FraudDetection/test",
            "ok_actions": [],
            "period": 60,
            "statistic": "Sum",
            "tags": {
              "Application": "FraudDetection",
              "CostCenter": "Engineering",
              "Service": "fraud-detection",
              "Severity": "CRITICAL",
              "Team": "Platform"
            },
            "tags_all": {
              "Application": "FraudDetection",
              "CostCenter": "Engineering",
              "Environment": "test",
              "ManagedBy": "Terraform",
              "Project": "fraud-detection-system",
              "Service": "fraud-detection",
              "Severity": "CRITICAL",
              "Team": "Platform"
            },
            "threshold": 5,
            "threshold_metric_id": "",
            "treat_missing_data": "notBreaching",
            "unit": ""
          },
          "sensitive_attributes": [],
          "identity_schema_version": 0,
          "private": "eyJzY2hlbWFfdmVyc2lvbiI6IjEifQ=="
        }
      ]
    },
    {
      "mode": "managed",
      "type": "aws_cloudwatch_metric_alarm",
      "name": "ring_buffer_pressure",
      "provider": "provider[\"registry.terraform.io/hashicorp/aws\"]",
      "instances": [
        {
          "index_key": 0,
          "schema_version": 1,
          "attributes": {
            "actions_enabled": true,
            "alarm_actions": [],
            "alarm_description": "Alert when ring buffer high utilization warnings exceed 5 per minute",
            "alarm_name": "fraud-detection-ring-buffer-pressure-test",
            "arn": "arn:aws:cloudwatch:us-east-1:057410425588:alarm:fraud-detection-ring-buffer-pressure-test",
            "comparison_operator": "GreaterThanThreshold",
            "datapoints_to_alarm": 0,
            "dimensions": {},
            "evaluate_low_sample_count_percentiles": "",
            "evaluation_periods": 2,
            "extended_statistic": "",
            "id": "fraud-detection-ring-buffer-pressure-test",
            "insufficient_data_actions": [],
            "metric_name": "RingBufferHighUtilization",
            "metric_query": [],
            "namespace": "FraudDetection/test",
            "ok_actions": [],
            "period": 60,
            "statistic": "Sum",
            "tags": {
              "Application": "FraudDetection",
              "CostCenter": "Engineering",
              "Service": "fraud-detection",
              "Severity": "HIGH",
              "Team": "Platform"
            },
            "tags_all": {
              "Application": "FraudDetection",
              "CostCenter": "Engineering",
              "Environment": "test",
              "ManagedBy": "Terraform",
              "Project": "fraud-detection-system",
              "Service": "fraud-detection",
              "Severity": "HIGH",
              "Team": "Platform"
            },
            "threshold": 5,
            "threshold_metric_id": "",
            "treat_missing_data": "notBreaching",
            "unit": ""
          },
          "sensitive_attributes": [],
          "identity_schema_version": 0,
          "private": "eyJzY2hlbWFfdmVyc2lvbiI6IjEifQ=="
        }
      ]
    },
    {
      "mode": "managed",
      "type": "aws_cloudwatch_metric_alarm",
      "name": "sqs_dlq_messages",
      "provider": "provider[\"registry.terraform.io/hashicorp/aws\"]",
      "instances": [
        {
          "schema_version": 1,
          "attributes": {
            "actions_enabled": true,
            "alarm_actions": [],
            "alarm_description": "Alert when messages appear in DLQ",
            "alarm_name": "fraud-detection-dlq-test-messages",
            "arn": "arn:aws:cloudwatch:us-east-1:057410425588:alarm:fraud-detection-dlq-test-messages",
            "comparison_operator": "GreaterThanThreshold",
            "datapoints_to_alarm": 0,
            "dimensions": {
              "QueueName": "fraud-detection-dlq-test"
            },
            "evaluate_low_sample_count_percentiles": "",
            "evaluation_periods": 1,
            "extended_statistic": "",
            "id": "fraud-detection-dlq-test-messages",
            "insufficient_data_actions": [],
            "metric_name": "ApproximateNumberOfMessagesVisible",
            "metric_query": [],
            "namespace": "AWS/SQS",
            "ok_actions": [],
            "period": 60,
            "statistic": "Average",
            "tags": {
              "Application": "FraudDetection",
              "CostCenter": "Engineering",
              "Team": "Platform"
            },
            "tags_all": {
              "Application": "FraudDetection",
              "CostCenter": "Engineering",
              "Environment": "test",
              "ManagedBy": "Terraform",
              "Project": "fraud-detection-system",
              "Team": "Platform"
            },
            "threshold": 0,
            "threshold_metric_id": "",
            "treat_missing_data": "missing",
            "unit": ""
          },
          "sensitive_attributes": [],
          "identity_schema_version": 0,
          "private": "eyJzY2hlbWFfdmVyc2lvbiI6IjEifQ==",
          "dependencies": [
            "aws_sqs_queue.fraud_detection_dlq"
          ]
        }
      ]
    },
    {
      "mode": "managed",
      "type": "aws_cloudwatch_metric_alarm",
      "name": "sqs_old_messages",
      "provider": "provider[\"registry.terraform.io/hashicorp/aws\"]",
      "instances": [
        {
          "schema_version": 1,
          "attributes": {
            "actions_enabled": true,
            "alarm_actions": [],
            "alarm_description": "Alert when messages are stuck in queue",
            "alarm_name": "fraud-detection-queue-test-old-messages",
            "arn": "arn:aws:cloudwatch:us-east-1:057410425588:alarm:fraud-detection-queue-test-old-messages",
            "comparison_operator": "GreaterThanThreshold",
            "datapoints_to_alarm": 0,
            "dimensions": {
              "QueueName": "fraud-detection-queue-test"
            },
            "evaluate_low_sample_count_percentiles": "",
            "evaluation_periods": 2,
            "extended_statistic": "",
            "id": "fraud-detection-queue-test-old-messages",
            "insufficient_data_actions": [],
            "metric_name": "ApproximateAgeOfOldestMessage",
            "metric_query": [],
            "namespace": "AWS/SQS",
            "ok_actions": [],
            "period": 300,
            "statistic": "Maximum",
            "tags": {
              "Application": "FraudDetection",
              "CostCenter": "Engineering",
              "Team": "Platform"
            },
            "tags_all": {
              "Application": "FraudDetection",
              "CostCenter": "Engineering",
              "Environment": "test",
              "ManagedBy": "Terraform",
              "Project": "fraud-detection-system",
              "Team": "Platform"
            },
            "threshold": 300,
            "threshold_metric_id": "",
            "treat_missing_data": "missing",
            "unit": ""
          },
          "sensitive_attributes": [],
          "identity_schema_version": 0,
          "private": "eyJzY2hlbWFfdmVyc2lvbiI6IjEifQ==",
          "dependencies": [
            "aws_sqs_queue.fraud_detection_dlq",
            "aws_sqs_queue.fraud_detection_queue"
          ]
        }
      ]
    },
    {
      "mode": "managed",
      "type": "aws_cloudwatch_query_definition",
      "name": "error_analysis",
      "provider": "provider[\"registry.terraform.io/hashicorp/aws\"]",
      "instances": [
        {
          "index_key": 0,
          "schema_version": 0,
          "attributes": {
            "id": "d4aa94e7-bb87-4e9e-99f4-68a71c8f719e",
            "log_group_names": [
              "/aws/fraud-detection/test/fraud-detection-service"
            ],
            "name": "Error Analysis - test",
            "query_definition_id": "d4aa94e7-bb87-4e9e-99f4-68a71c8f719e",
            "query_string": "fields @timestamp, @message, correlationId, logger\r\n| filter level = \"ERROR\"\r\n| sort @timestamp desc\r\n| limit 100\r\n"
          },
          "sensitive_attributes": [],
          "identity_schema_version": 0,
          "private": "bnVsbA==",
          "dependencies": [
            "aws_cloudwatch_log_group.fraud_detection_logs"
          ]
        }
      ]
    },
    {
      "mode": "managed",
      "type": "aws_cloudwatch_query_definition",
      "name": "fraud_alerts_by_severity",
      "provider": "provider[\"registry.terraform.io/hashicorp/aws\"]",
      "instances": [
        {
          "index_key": 0,
          "schema_version": 0,
          "attributes": {
            "id": "17813693-7c5a-4336-b711-0d3e873b31e6",
            "log_group_names": [
              "/aws/fraud-detection/test/fraud-detection-service"
            ],
            "name": "Fraud Alerts by Severity - test",
            "query_definition_id": "17813693-7c5a-4336-b711-0d3e873b31e6",
            "query_string": "fields @timestamp, severity, transactionId, accountId, message\r\n| filter message like /FRAUD_DETECTED/\r\n| stats count() by severity\r\n| sort count desc\r\n"
          },
          "sensitive_attributes": [],
          "identity_schema_version": 0,
          "private": "bnVsbA==",
          "dependencies": [
            "aws_cloudwatch_log_group.fraud_detection_logs"
          ]
        }
      ]
    },
    {
      "mode": "managed",
      "type": "aws_cloudwatch_query_definition",
      "name": "transaction_trace",
      "provider": "provider[\"registry.terraform.io/hashicorp/aws\"]",
      "instances": [
        {
          "index_key": 0,
          "schema_version": 0,
          "attributes": {
            "id": "0afb9490-17c2-4727-a452-51f7652a5e81",
            "log_group_names": [
              "/aws/fraud-detection/test/fraud-detection-service",
              "/aws/fraud-detection/test/transaction-producer"
            ],
            "name": "Transaction Trace by Correlation ID - test",
            "query_definition_id": "0afb9490-17c2-4727-a452-51f7652a5e81",
            "query_string": "fields @timestamp, @message, serviceName, correlationId, transactionId\r\n| filter correlationId like /.+/\r\n| sort @timestamp asc\r\n"
          },
          "sensitive_attributes": [],
          "identity_schema_version": 0,
          "private": "bnVsbA==",
          "dependencies": [
            "aws_cloudwatch_log_group.fraud_detection_logs",
            "aws_cloudwatch_log_group.transaction_producer_logs"
          ]
        }
      ]
    },
    {
      "mode": "managed",
      "type": "aws_eks_addon",
      "name": "coredns",
      "provider": "provider[\"registry.terraform.io/hashicorp/aws\"]",
      "instances": [
        {
          "index_key": 0,
          "schema_version": 0,
          "attributes": {
            "addon_name": "coredns",
            "addon_version": "v1.11.4-eksbuild.2",
            "arn": "arn:aws:eks:us-east-1:057410425588:addon/fraud-detection-cluster-test/coredns/7acd70f4-1441-cfa4-f8c3-15788884537b",
            "cluster_name": "fraud-detection-cluster-test",
            "configuration_values": "",
            "created_at": "2025-12-03T01:51:19Z",
            "id": "fraud-detection-cluster-test:coredns",
            "modified_at": "2025-12-03T01:51:31Z",
            "pod_identity_association": [],
            "preserve": null,
            "resolve_conflicts": null,
            "resolve_conflicts_on_create": "OVERWRITE",
            "resolve_conflicts_on_update": "OVERWRITE",
            "service_account_role_arn": "",
            "tags": {
              "Application": "FraudDetection",
              "CostCenter": "Engineering",
              "Team": "Platform"
            },
            "tags_all": {
              "Application": "FraudDetection",
              "CostCenter": "Engineering",
              "Environment": "test",
              "ManagedBy": "Terraform",
              "Project": "fraud-detection-system",
              "Team": "Platform"
            },
            "timeouts": null
          },
          "sensitive_attributes": [],
          "identity_schema_version": 0,
          "private": "eyJlMmJmYjczMC1lY2FhLTExZTYtOGY4OC0zNDM2M2JjN2M0YzAiOnsiY3JlYXRlIjoxMjAwMDAwMDAwMDAwLCJkZWxldGUiOjI0MDAwMDAwMDAwMDAsInVwZGF0ZSI6MTIwMDAwMDAwMDAwMH19",
          "dependencies": [
            "aws_eks_cluster.main",
            "aws_eks_node_group.main",
            "aws_iam_role.eks_cluster",
            "aws_iam_role.eks_nodes",
            "aws_iam_role_policy_attachment.eks_cluster_policy",
            "aws_iam_role_policy_attachment.eks_cni_policy",
            "aws_iam_role_policy_attachment.eks_container_registry_policy",
            "aws_iam_role_policy_attachment.eks_vpc_resource_controller",
            "aws_iam_role_policy_attachment.eks_worker_node_policy",
            "aws_security_group.eks_cluster",
            "aws_subnet.eks_public",
            "aws_vpc.eks_vpc",
            "data.aws_availability_zones.available"
          ]
        }
      ]
    },
    {
      "mode": "managed",
      "type": "aws_eks_addon",
      "name": "kube_proxy",
      "provider": "provider[\"registry.terraform.io/hashicorp/aws\"]",
      "instances": [
        {
          "index_key": 0,
          "schema_version": 0,
          "attributes": {
            "addon_name": "kube-proxy",
            "addon_version": "v1.31.3-eksbuild.2",
            "arn": "arn:aws:eks:us-east-1:057410425588:addon/fraud-detection-cluster-test/kube-proxy/cecd70f4-144b-5fd1-3a82-c62a639ffd18",
            "cluster_name": "fraud-detection-cluster-test",
            "configuration_values": "",
            "created_at": "2025-12-03T01:51:19Z",
            "id": "fraud-detection-cluster-test:kube-proxy",
            "modified_at": "2025-12-03T01:51:36Z",
            "pod_identity_association": [],
            "preserve": null,
            "resolve_conflicts": null,
            "resolve_conflicts_on_create": "OVERWRITE",
            "resolve_conflicts_on_update": "OVERWRITE",
            "service_account_role_arn": "",
            "tags": {
              "Application": "FraudDetection",
              "CostCenter": "Engineering",
              "Team": "Platform"
            },
            "tags_all": {
              "Application": "FraudDetection",
              "CostCenter": "Engineering",
              "Environment": "test",
              "ManagedBy": "Terraform",
              "Project": "fraud-detection-system",
              "Team": "Platform"
            },
            "timeouts": null
          },
          "sensitive_attributes": [],
          "identity_schema_version": 0,
          "private": "eyJlMmJmYjczMC1lY2FhLTExZTYtOGY4OC0zNDM2M2JjN2M0YzAiOnsiY3JlYXRlIjoxMjAwMDAwMDAwMDAwLCJkZWxldGUiOjI0MDAwMDAwMDAwMDAsInVwZGF0ZSI6MTIwMDAwMDAwMDAwMH19",
          "dependencies": [
            "aws_eks_cluster.main",
            "aws_eks_node_group.main",
            "aws_iam_role.eks_cluster",
            "aws_iam_role.eks_nodes",
            "aws_iam_role_policy_attachment.eks_cluster_policy",
            "aws_iam_role_policy_attachment.eks_cni_policy",
            "aws_iam_role_policy_attachment.eks_container_registry_policy",
            "aws_iam_role_policy_attachment.eks_vpc_resource_controller",
            "aws_iam_role_policy_attachment.eks_worker_node_policy",
            "aws_security_group.eks_cluster",
            "aws_subnet.eks_public",
            "aws_vpc.eks_vpc",
            "data.aws_availability_zones.available"
          ]
        }
      ]
    },
    {
      "mode": "managed",
      "type": "aws_eks_addon",
      "name": "pod_identity_agent",
      "provider": "provider[\"registry.terraform.io/hashicorp/aws\"]",
      "instances": [
        {
          "index_key": 0,
          "schema_version": 0,
          "attributes": {
            "addon_name": "eks-pod-identity-agent",
            "addon_version": "v1.3.4-eksbuild.1",
            "arn": "arn:aws:eks:us-east-1:057410425588:addon/fraud-detection-cluster-test/eks-pod-identity-agent/80cd70f4-144b-4b10-72f0-297f82e42583",
            "cluster_name": "fraud-detection-cluster-test",
            "configuration_values": "",
            "created_at": "2025-12-03T01:51:19Z",
            "id": "fraud-detection-cluster-test:eks-pod-identity-agent",
            "modified_at": "2025-12-03T01:51:35Z",
            "pod_identity_association": [],
            "preserve": null,
            "resolve_conflicts": null,
            "resolve_conflicts_on_create": "OVERWRITE",
            "resolve_conflicts_on_update": "OVERWRITE",
            "service_account_role_arn": "",
            "tags": {
              "Application": "FraudDetection",
              "CostCenter": "Engineering",
              "Team": "Platform"
            },
            "tags_all": {
              "Application": "FraudDetection",
              "CostCenter": "Engineering",
              "Environment": "test",
              "ManagedBy": "Terraform",
              "Project": "fraud-detection-system",
              "Team": "Platform"
            },
            "timeouts": null
          },
          "sensitive_attributes": [],
          "identity_schema_version": 0,
          "private": "eyJlMmJmYjczMC1lY2FhLTExZTYtOGY4OC0zNDM2M2JjN2M0YzAiOnsiY3JlYXRlIjoxMjAwMDAwMDAwMDAwLCJkZWxldGUiOjI0MDAwMDAwMDAwMDAsInVwZGF0ZSI6MTIwMDAwMDAwMDAwMH19",
          "dependencies": [
            "aws_eks_cluster.main",
            "aws_eks_node_group.main",
            "aws_iam_role.eks_cluster",
            "aws_iam_role.eks_nodes",
            "aws_iam_role_policy_attachment.eks_cluster_policy",
            "aws_iam_role_policy_attachment.eks_cni_policy",
            "aws_iam_role_policy_attachment.eks_container_registry_policy",
            "aws_iam_role_policy_attachment.eks_vpc_resource_controller",
            "aws_iam_role_policy_attachment.eks_worker_node_policy",
            "aws_security_group.eks_cluster",
            "aws_subnet.eks_public",
            "aws_vpc.eks_vpc",
            "data.aws_availability_zones.available"
          ]
        }
      ]
    },
    {
      "mode": "managed",
      "type": "aws_eks_addon",
      "name": "vpc_cni",
      "provider": "provider[\"registry.terraform.io/hashicorp/aws\"]",
      "instances": [
        {
          "index_key": 0,
          "schema_version": 0,
          "attributes": {
            "addon_name": "vpc-cni",
            "addon_version": "v1.19.0-eksbuild.1",
            "arn": "arn:aws:eks:us-east-1:057410425588:addon/fraud-detection-cluster-test/vpc-cni/22cd70f4-1440-fbc3-e9b9-320cd3abd3d8",
            "cluster_name": "fraud-detection-cluster-test",
            "configuration_values": "",
            "created_at": "2025-12-03T01:51:19Z",
            "id": "fraud-detection-cluster-test:vpc-cni",
            "modified_at": "2025-12-03T01:51:46Z",
            "pod_identity_association": [],
            "preserve": null,
            "resolve_conflicts": null,
            "resolve_conflicts_on_create": "OVERWRITE",
            "resolve_conflicts_on_update": "OVERWRITE",
            "service_account_role_arn": "",
            "tags": {
              "Application": "FraudDetection",
              "CostCenter": "Engineering",
              "Team": "Platform"
            },
            "tags_all": {
              "Application": "FraudDetection",
              "CostCenter": "Engineering",
              "Environment": "test",
              "ManagedBy": "Terraform",
              "Project": "fraud-detection-system",
              "Team": "Platform"
            },
            "timeouts": null
          },
          "sensitive_attributes": [],
          "identity_schema_version": 0,
          "private": "eyJlMmJmYjczMC1lY2FhLTExZTYtOGY4OC0zNDM2M2JjN2M0YzAiOnsiY3JlYXRlIjoxMjAwMDAwMDAwMDAwLCJkZWxldGUiOjI0MDAwMDAwMDAwMDAsInVwZGF0ZSI6MTIwMDAwMDAwMDAwMH19",
          "dependencies": [
            "aws_eks_cluster.main",
            "aws_eks_node_group.main",
            "aws_iam_role.eks_cluster",
            "aws_iam_role.eks_nodes",
            "aws_iam_role_policy_attachment.eks_cluster_policy",
            "aws_iam_role_policy_attachment.eks_cni_policy",
            "aws_iam_role_policy_attachment.eks_container_registry_policy",
            "aws_iam_role_policy_attachment.eks_vpc_resource_controller",
            "aws_iam_role_policy_attachment.eks_worker_node_policy",
            "aws_security_group.eks_cluster",
            "aws_subnet.eks_public",
            "aws_vpc.eks_vpc",
            "data.aws_availability_zones.available"
          ]
        }
      ]
    },
    {
      "mode": "managed",
      "type": "aws_eks_cluster",
      "name": "main",
      "provider": "provider[\"registry.terraform.io/hashicorp/aws\"]",
      "instances": [
        {
          "index_key": 0,
          "schema_version": 1,
          "attributes": {
            "access_config": [
              {
                "authentication_mode": "CONFIG_MAP",
                "bootstrap_cluster_creator_admin_permissions": true
              }
            ],
            "arn": "arn:aws:eks:us-east-1:057410425588:cluster/fraud-detection-cluster-test",
            "bootstrap_self_managed_addons": true,
            "certificate_authority": [
              {
                "data": "LS0tLS1CRUdJTiBDRVJUSUZJQ0FURS0tLS0tCk1JSURCVENDQWUyZ0F3SUJBZ0lJVVBYY1MwUTlaYkV3RFFZSktvWklodmNOQVFFTEJRQXdGVEVUTUJFR0ExVUUKQXhNS2EzVmlaWEp1WlhSbGN6QWVGdzB5TlRFeU1ESXhNekV6TkRCYUZ3MHpOVEV4TXpBeE16RTROREJhTUJVeApFekFSQmdOVkJBTVRDbXQxWW1WeWJtVjBaWE13Z2dFaU1BMEdDU3FHU0liM0RRRUJBUVVBQTRJQkR3QXdnZ0VLCkFvSUJBUUN2blRBclgvZ2ptZFdQZ1VMbkRuRkM4ditmRTlxaUZEN0ZlU0EzTC9EekNvT3gxSXRMQVRKY2xOaWUKaGt4U1lrdnhqM25jMDRreExiWEZsRGQ0MjVTWk9xSEFMZGU2TUtOZUlCRmF1TXlFUS9MeFlXaUNscmFjM1Jmdwp3Y0FjY2ZpYXBxa3Z0YkRabGFIUitvTExDZ1E3UGJ5d2lNYThsMjAraDI0VU5DK0Y0c1R6NzN3WnE0VmpEbTA1Ckdyb3M0ZHNOa29TWDllYWFlSkp0TXhSUEh0VUc5ZzMvYTVXdFpabnh1bDZTeDcxK1lLb3lveDhsRkI2OGVjeUEKcURkWmE5TTcraEV3OUwzWnZRTzBLanhVblQ0aEpuQVN6TStZSWZYTHNwTStIR1pKNFAyUFJhMURRNmRMZGJLVwpLeEJYQ3NJSkJrTlJUWWZzcmt4VEJobm5Kb041QWdNQkFBR2pXVEJYTUE0R0ExVWREd0VCL3dRRUF3SUNwREFQCkJnTlZIUk1CQWY4RUJUQURBUUgvTUIwR0ExVWREZ1FXQkJRVTJhenlvbHhwRFZ3aGkranlvTXNHMUo2TkN6QVYKQmdOVkhSRUVEakFNZ2dwcmRXSmxjbTVsZEdWek1BMEdDU3FHU0liM0RRRUJDd1VBQTRJQkFRQmpnUzZUdmtVTAo4TTBzWVFmZjczSkR2bFhxdFlLUUxoakwrZkpmMERkcGJPUVJWbWMxaVJVQ2NrcUxxbHk4Z3lNM1puZ0xHM1EwCnRrY2Fra3FDZVBOdHdLaEwzenhDUHVLcCtBTExkWjVUZzZTVFk1eGJLbzJIV3MxYytUYjNDZmJFYzQ2VE9yS2kKVjRlMTExT3F3VnJ6SitoR2FBWW9Ha1pQQjBRekF1VVNRdnhSa2ZOczY0NGluaUFITjRUb1drTU9FQ0FIQmxKVgppZ3pPMlZQK1dqSTkxME9rUGgwMEVBSUIwUTliTW1lQnhiVy96SXpQWlZDVGlqWE91cnBQSkhjNWtuRm8ybXpDCjEyd0Z0OTdXb0tVMk0xdDVQVUd1a0NUamMzQk80QjJKVUYrNEZsLzdqZXVwL2NURHhuNzZxTmtoUkZPajdqM0oKM1pOMkdCeE1wZytICi0tLS0tRU5EIENFUlRJRklDQVRFLS0tLS0K"
              }
            ],
            "cluster_id": null,
            "compute_config": [],
            "created_at": "2025-12-02T13:12:55Z",
            "enabled_cluster_log_types": [],
            "encryption_config": [],
            "endpoint": "https://5AA28E523FA6E1E9FB6083945C31D3E5.gr7.us-east-1.eks.amazonaws.com",
            "force_update_version": null,
            "id": "fraud-detection-cluster-test",
            "identity": [
              {
                "oidc": [
                  {
                    "issuer": "https://oidc.eks.us-east-1.amazonaws.com/id/5AA28E523FA6E1E9FB6083945C31D3E5"
                  }
                ]
              }
            ],
            "kubernetes_network_config": [
              {
                "elastic_load_balancing": [
                  {
                    "enabled": false
                  }
                ],
                "ip_family": "ipv4",
                "service_ipv4_cidr": "172.20.0.0/16",
                "service_ipv6_cidr": ""
              }
            ],
            "name": "fraud-detection-cluster-test",
            "outpost_config": [],
            "platform_version": "eks.9",
            "remote_network_config": [],
            "role_arn": "arn:aws:iam::057410425588:role/fraud-detection-eks-cluster-test",
            "status": "ACTIVE",
            "storage_config": [],
            "tags": {
              "Application": "FraudDetection",
              "CostCenter": "Engineering",
              "Team": "Platform"
            },
            "tags_all": {
              "Application": "FraudDetection",
              "CostCenter": "Engineering",
              "Environment": "test",
              "ManagedBy": "Terraform",
              "Project": "fraud-detection-system",
              "Team": "Platform"
            },
            "timeouts": null,
            "upgrade_policy": [
              {
                "support_type": "EXTENDED"
              }
            ],
            "version": "1.34",
            "vpc_config": [
              {
                "cluster_security_group_id": "sg-02072ab62eb7eb6b4",
                "endpoint_private_access": false,
                "endpoint_public_access": true,
                "public_access_cidrs": [
                  "0.0.0.0/0"
                ],
                "security_group_ids": [
                  "sg-08164dd8702495e3e"
                ],
                "subnet_ids": [
                  "subnet-007ba32bd3bcb0c3f",
                  "subnet-09b5efc967d481868"
                ],
                "vpc_id": "vpc-0f41e62e18784c5dc"
              }
            ],
            "zonal_shift_config": []
          },
          "sensitive_attributes": [],
          "identity_schema_version": 0,
          "private": "eyJlMmJmYjczMC1lY2FhLTExZTYtOGY4OC0zNDM2M2JjN2M0YzAiOnsiY3JlYXRlIjoxODAwMDAwMDAwMDAwLCJkZWxldGUiOjkwMDAwMDAwMDAwMCwidXBkYXRlIjozNjAwMDAwMDAwMDAwfSwic2NoZW1hX3ZlcnNpb24iOiIxIn0=",
          "dependencies": [
            "aws_iam_role.eks_cluster",
            "aws_iam_role_policy_attachment.eks_cluster_policy",
            "aws_iam_role_policy_attachment.eks_vpc_resource_controller",
            "aws_security_group.eks_cluster",
            "aws_subnet.eks_public",
            "aws_vpc.eks_vpc",
            "data.aws_availability_zones.available"
          ]
        }
      ]
    },
    {
      "mode": "managed",
      "type": "aws_eks_node_group",
      "name": "main",
      "provider": "provider[\"registry.terraform.io/hashicorp/aws\"]",
      "instances": [
        {
          "index_key": 0,
          "schema_version": 0,
          "attributes": {
            "ami_type": "AL2023_x86_64_STANDARD",
            "arn": "arn:aws:eks:us-east-1:057410425588:nodegroup/fraud-detection-cluster-test/fraud-detection-nodes-test/cccd6f9c-8618-5d90-5999-d91303cff5b6",
            "capacity_type": "ON_DEMAND",
            "cluster_name": "fraud-detection-cluster-test",
            "disk_size": 20,
            "force_update_version": null,
            "id": "fraud-detection-cluster-test:fraud-detection-nodes-test",
            "instance_types": [
              "t3.medium"
            ],
            "labels": {},
            "launch_template": [],
            "node_group_name": "fraud-detection-nodes-test",
            "node_group_name_prefix": "",
            "node_repair_config": [],
            "node_role_arn": "arn:aws:iam::057410425588:role/fraud-detection-eks-nodes-test",
            "release_version": "1.34.2-20251120",
            "remote_access": [],
            "resources": [
              {
                "autoscaling_groups": [
                  {
                    "name": "eks-fraud-detection-nodes-test-cccd6f9c-8618-5d90-5999-d91303cff5b6"
                  }
                ],
                "remote_access_security_group_id": ""
              }
            ],
            "scaling_config": [
              {
                "desired_size": 2,
                "max_size": 3,
                "min_size": 1
              }
            ],
            "status": "ACTIVE",
            "subnet_ids": [
              "subnet-007ba32bd3bcb0c3f",
              "subnet-09b5efc967d481868"
            ],
            "tags": {
              "Application": "FraudDetection",
              "CostCenter": "Engineering",
              "Name": "fraud-detection-node-group-test",
              "Team": "Platform"
            },
            "tags_all": {
              "Application": "FraudDetection",
              "CostCenter": "Engineering",
              "Environment": "test",
              "ManagedBy": "Terraform",
              "Name": "fraud-detection-node-group-test",
              "Project": "fraud-detection-system",
              "Team": "Platform"
            },
            "taint": [],
            "timeouts": null,
            "update_config": [
              {
                "max_unavailable": 1,
                "max_unavailable_percentage": 0
              }
            ],
            "version": "1.34"
          },
          "sensitive_attributes": [],
          "identity_schema_version": 0,
          "private": "eyJlMmJmYjczMC1lY2FhLTExZTYtOGY4OC0zNDM2M2JjN2M0YzAiOnsiY3JlYXRlIjozNjAwMDAwMDAwMDAwLCJkZWxldGUiOjM2MDAwMDAwMDAwMDAsInVwZGF0ZSI6MzYwMDAwMDAwMDAwMH19",
          "dependencies": [
            "aws_eks_cluster.main",
            "aws_iam_role.eks_cluster",
            "aws_iam_role.eks_nodes",
            "aws_iam_role_policy_attachment.eks_cluster_policy",
            "aws_iam_role_policy_attachment.eks_cni_policy",
            "aws_iam_role_policy_attachment.eks_container_registry_policy",
            "aws_iam_role_policy_attachment.eks_vpc_resource_controller",
            "aws_iam_role_policy_attachment.eks_worker_node_policy",
            "aws_security_group.eks_cluster",
            "aws_subnet.eks_public",
            "aws_vpc.eks_vpc",
            "data.aws_availability_zones.available"
          ]
        }
      ]
    },
    {
      "mode": "managed",
      "type": "aws_iam_openid_connect_provider",
      "name": "eks",
      "provider": "provider[\"registry.terraform.io/hashicorp/aws\"]",
      "instances": [
        {
          "index_key": 0,
          "schema_version": 0,
          "attributes": {
            "arn": "arn:aws:iam::057410425588:oidc-provider/oidc.eks.us-east-1.amazonaws.com/id/5AA28E523FA6E1E9FB6083945C31D3E5",
            "client_id_list": [
              "sts.amazonaws.com"
            ],
            "id": "arn:aws:iam::057410425588:oidc-provider/oidc.eks.us-east-1.amazonaws.com/id/5AA28E523FA6E1E9FB6083945C31D3E5",
            "tags": {
              "Application": "FraudDetection",
              "CostCenter": "Engineering",
              "Team": "Platform"
            },
            "tags_all": {
              "Application": "FraudDetection",
              "CostCenter": "Engineering",
              "Environment": "test",
              "ManagedBy": "Terraform",
              "Project": "fraud-detection-system",
              "Team": "Platform"
            },
            "thumbprint_list": [
              "9e99a48a9960b14926bb7f3b02e22da2b0ab7280"
            ],
            "url": "oidc.eks.us-east-1.amazonaws.com/id/5AA28E523FA6E1E9FB6083945C31D3E5"
          },
          "sensitive_attributes": [],
          "identity_schema_version": 0,
          "private": "bnVsbA==",
          "dependencies": [
            "aws_eks_cluster.main",
            "aws_iam_role.eks_cluster",
            "aws_iam_role_policy_attachment.eks_cluster_policy",
            "aws_iam_role_policy_attachment.eks_vpc_resource_controller",
            "aws_security_group.eks_cluster",
            "aws_subnet.eks_public",
            "aws_vpc.eks_vpc",
            "data.aws_availability_zones.available"
          ]
        }
      ]
    },
    {
      "mode": "managed",
      "type": "aws_iam_policy",
      "name": "github_actions_eks_deploy",
      "provider": "provider[\"registry.terraform.io/hashicorp/aws\"]",
      "instances": [
        {
          "index_key": 0,
          "schema_version": 0,
          "attributes": {
            "arn": "arn:aws:iam::057410425588:policy/GithubActionsEKSDeployPolicy-test",
            "attachment_count": 1,
            "description": "Policy for GitHub Actions to deploy to EKS cluster in test environment",
            "id": "arn:aws:iam::057410425588:policy/GithubActionsEKSDeployPolicy-test",
            "name": "GithubActionsEKSDeployPolicy-test",
            "name_prefix": "",
            "path": "/",
            "policy": "{\"Statement\":[{\"Action\":[\"eks:DescribeCluster\",\"eks:ListClusters\",\"eks:AccessKubernetesApi\"],\"Effect\":\"Allow\",\"Resource\":[\"arn:aws:eks:us-east-1:057410425588:cluster/fraud-detection-cluster-test\"],\"Sid\":\"EKSDescribeAccess\"},{\"Action\":[\"ec2:DescribeSecurityGroups\",\"ec2:DescribeSubnets\",\"ec2:DescribeVpcs\"],\"Effect\":\"Allow\",\"Resource\":\"*\",\"Sid\":\"EC2NetworkDiscovery\"}],\"Version\":\"2012-10-17\"}",
            "policy_id": "ANPAQ2XPNSL2G6WMOFMGK",
            "tags": {
              "Application": "FraudDetection",
              "CostCenter": "Engineering",
              "Purpose": "GitHub Actions EKS Deployment",
              "Team": "Platform"
            },
            "tags_all": {
              "Application": "FraudDetection",
              "CostCenter": "Engineering",
              "Environment": "test",
              "ManagedBy": "Terraform",
              "Project": "fraud-detection-system",
              "Purpose": "GitHub Actions EKS Deployment",
              "Team": "Platform"
            }
          },
          "sensitive_attributes": [],
          "identity_schema_version": 0,
          "private": "bnVsbA==",
          "dependencies": [
            "data.aws_caller_identity.current",
            "data.aws_partition.current"
          ]
        }
      ]
    },
    {
      "mode": "managed",
      "type": "aws_iam_role",
      "name": "eks_cluster",
      "provider": "provider[\"registry.terraform.io/hashicorp/aws\"]",
      "instances": [
        {
          "index_key": 0,
          "schema_version": 0,
          "attributes": {
            "arn": "arn:aws:iam::057410425588:role/fraud-detection-eks-cluster-test",
            "assume_role_policy": "{\"Statement\":[{\"Action\":\"sts:AssumeRole\",\"Effect\":\"Allow\",\"Principal\":{\"Service\":\"eks.amazonaws.com\"}}],\"Version\":\"2012-10-17\"}",
            "create_date": "2025-12-02T13:12:25Z",
            "description": "",
            "force_detach_policies": false,
            "id": "fraud-detection-eks-cluster-test",
            "inline_policy": [],
            "managed_policy_arns": [
              "arn:aws:iam::aws:policy/AmazonEKSClusterPolicy",
              "arn:aws:iam::aws:policy/AmazonEKSVPCResourceController"
            ],
            "max_session_duration": 3600,
            "name": "fraud-detection-eks-cluster-test",
            "name_prefix": "",
            "path": "/",
            "permissions_boundary": "",
            "tags": {
              "Application": "FraudDetection",
              "CostCenter": "Engineering",
              "Team": "Platform"
            },
            "tags_all": {
              "Application": "FraudDetection",
              "CostCenter": "Engineering",
              "Environment": "test",
              "ManagedBy": "Terraform",
              "Project": "fraud-detection-system",
              "Team": "Platform"
            },
            "unique_id": "AROAQ2XPNSL2DVF36AYS6"
          },
          "sensitive_attributes": [],
          "identity_schema_version": 0,
          "private": "bnVsbA=="
        }
      ]
    },
    {
      "mode": "managed",
      "type": "aws_iam_role",
      "name": "eks_nodes",
      "provider": "provider[\"registry.terraform.io/hashicorp/aws\"]",
      "instances": [
        {
          "index_key": 0,
          "schema_version": 0,
          "attributes": {
            "arn": "arn:aws:iam::057410425588:role/fraud-detection-eks-nodes-test",
            "assume_role_policy": "{\"Statement\":[{\"Action\":\"sts:AssumeRole\",\"Effect\":\"Allow\",\"Principal\":{\"Service\":\"ec2.amazonaws.com\"}}],\"Version\":\"2012-10-17\"}",
            "create_date": "2025-12-02T13:12:25Z",
            "description": "",
            "force_detach_policies": false,
            "id": "fraud-detection-eks-nodes-test",
            "inline_policy": [],
            "managed_policy_arns": [
              "arn:aws:iam::aws:policy/AmazonEC2ContainerRegistryReadOnly",
              "arn:aws:iam::aws:policy/AmazonEKSWorkerNodePolicy",
              "arn:aws:iam::aws:policy/AmazonEKS_CNI_Policy"
            ],
            "max_session_duration": 3600,
            "name": "fraud-detection-eks-nodes-test",
            "name_prefix": "",
            "path": "/",
            "permissions_boundary": "",
            "tags": {
              "Application": "FraudDetection",
              "CostCenter": "Engineering",
              "Team": "Platform"
            },
            "tags_all": {
              "Application": "FraudDetection",
              "CostCenter": "Engineering",
              "Environment": "test",
              "ManagedBy": "Terraform",
              "Project": "fraud-detection-system",
              "Team": "Platform"
            },
            "unique_id": "AROAQ2XPNSL2OJE6C5WUB"
          },
          "sensitive_attributes": [],
          "identity_schema_version": 0,
          "private": "bnVsbA=="
        }
      ]
    },
    {
      "mode": "managed",
      "type": "aws_iam_role",
      "name": "fraud_detection_role",
      "provider": "provider[\"registry.terraform.io/hashicorp/aws\"]",
      "instances": [
        {
          "schema_version": 0,
          "attributes": {
            "arn": "arn:aws:iam::057410425588:role/fraud-detection-service-test",
            "assume_role_policy": "{\"Statement\":[{\"Action\":\"sts:AssumeRoleWithWebIdentity\",\"Condition\":{\"StringEquals\":{\"oidc.eks.us-east-1.amazonaws.com/id/5AA28E523FA6E1E9FB6083945C31D3E5:aud\":\"sts.amazonaws.com\",\"oidc.eks.us-east-1.amazonaws.com/id/5AA28E523FA6E1E9FB6083945C31D3E5:sub\":\"system:serviceaccount:fraud-detection:fraud-detection\"}},\"Effect\":\"Allow\",\"Principal\":{\"Federated\":\"arn:aws:iam::057410425588:oidc-provider/oidc.eks.us-east-1.amazonaws.com/id/5AA28E523FA6E1E9FB6083945C31D3E5\"}}],\"Version\":\"2012-10-17\"}",
            "create_date": "2025-12-02T13:20:52Z",
            "description": "",
            "force_detach_policies": false,
            "id": "fraud-detection-service-test",
            "inline_policy": [
              {
                "name": "cloudwatch-logs-policy",
                "policy": "{\"Version\":\"2012-10-17\",\"Statement\":[{\"Action\":[\"logs:CreateLogGroup\",\"logs:CreateLogStream\",\"logs:PutLogEvents\",\"logs:DescribeLogStreams\",\"logs:DescribeLogGroups\"],\"Effect\":\"Allow\",\"Resource\":[\"arn:aws:logs:us-east-1:057410425588:log-group:/aws/fraud-detection/test/fraud-detection-service\",\"arn:aws:logs:us-east-1:057410425588:log-group:/aws/fraud-detection/test/fraud-detection-service:*\"]},{\"Action\":[\"cloudwatch:PutMetricData\"],\"Condition\":{\"StringEquals\":{\"cloudwatch:namespace\":\"FraudDetection\"}},\"Effect\":\"Allow\",\"Resource\":\"*\"}]}"
              },
              {
                "name": "sqs-consumer-policy",
                "policy": "{\"Version\":\"2012-10-17\",\"Statement\":[{\"Action\":[\"sqs:ReceiveMessage\",\"sqs:DeleteMessage\",\"sqs:GetQueueAttributes\",\"sqs:GetQueueUrl\",\"sqs:ChangeMessageVisibility\"],\"Effect\":\"Allow\",\"Resource\":\"arn:aws:sqs:us-east-1:057410425588:fraud-detection-queue-test\"}]}"
              }
            ],
            "managed_policy_arns": [],
            "max_session_duration": 3600,
            "name": "fraud-detection-service-test",
            "name_prefix": "",
            "path": "/",
            "permissions_boundary": "",
            "tags": {
              "Application": "FraudDetection",
              "CostCenter": "Engineering",
              "Team": "Platform"
            },
            "tags_all": {
              "Application": "FraudDetection",
              "CostCenter": "Engineering",
              "Environment": "test",
              "ManagedBy": "Terraform",
              "Project": "fraud-detection-system",
              "Team": "Platform"
            },
            "unique_id": "AROAQ2XPNSL2CUDMC2TA7"
          },
          "sensitive_attributes": [],
          "identity_schema_version": 0,
          "private": "bnVsbA==",
          "dependencies": [
            "aws_eks_cluster.main",
            "aws_iam_openid_connect_provider.eks",
            "aws_iam_role.eks_cluster",
            "aws_iam_role_policy_attachment.eks_cluster_policy",
            "aws_iam_role_policy_attachment.eks_vpc_resource_controller",
            "aws_security_group.eks_cluster",
            "aws_subnet.eks_public",
            "aws_vpc.eks_vpc",
            "data.aws_availability_zones.available",
            "data.aws_caller_identity.current",
            "data.aws_partition.current"
          ]
        }
      ]
    },
    {
      "mode": "managed",
      "type": "aws_iam_role",
      "name": "transaction_producer_role",
      "provider": "provider[\"registry.terraform.io/hashicorp/aws\"]",
      "instances": [
        {
          "schema_version": 0,
          "attributes": {
            "arn": "arn:aws:iam::057410425588:role/transaction-producer-test",
            "assume_role_policy": "{\"Statement\":[{\"Action\":\"sts:AssumeRoleWithWebIdentity\",\"Condition\":{\"StringEquals\":{\"oidc.eks.us-east-1.amazonaws.com/id/5AA28E523FA6E1E9FB6083945C31D3E5:aud\":\"sts.amazonaws.com\",\"oidc.eks.us-east-1.amazonaws.com/id/5AA28E523FA6E1E9FB6083945C31D3E5:sub\":\"system:serviceaccount:fraud-detection:transaction-producer\"}},\"Effect\":\"Allow\",\"Principal\":{\"Federated\":\"arn:aws:iam::057410425588:oidc-provider/oidc.eks.us-east-1.amazonaws.com/id/5AA28E523FA6E1E9FB6083945C31D3E5\"}}],\"Version\":\"2012-10-17\"}",
            "create_date": "2025-12-02T13:20:52Z",
            "description": "",
            "force_detach_policies": false,
            "id": "transaction-producer-test",
            "inline_policy": [
              {
                "name": "cloudwatch-logs-policy",
                "policy": "{\"Version\":\"2012-10-17\",\"Statement\":[{\"Action\":[\"logs:CreateLogGroup\",\"logs:CreateLogStream\",\"logs:PutLogEvents\",\"logs:DescribeLogStreams\",\"logs:DescribeLogGroups\"],\"Effect\":\"Allow\",\"Resource\":[\"arn:aws:logs:us-east-1:057410425588:log-group:/aws/fraud-detection/test/transaction-producer\",\"arn:aws:logs:us-east-1:057410425588:log-group:/aws/fraud-detection/test/transaction-producer:*\"]},{\"Action\":[\"cloudwatch:PutMetricData\"],\"Condition\":{\"StringEquals\":{\"cloudwatch:namespace\":\"FraudDetection\"}},\"Effect\":\"Allow\",\"Resource\":\"*\"}]}"
              },
              {
                "name": "sqs-publisher-policy",
                "policy": "{\"Version\":\"2012-10-17\",\"Statement\":[{\"Action\":[\"sqs:SendMessage\",\"sqs:GetQueueAttributes\",\"sqs:GetQueueUrl\"],\"Effect\":\"Allow\",\"Resource\":\"arn:aws:sqs:us-east-1:057410425588:fraud-detection-queue-test\"}]}"
              }
            ],
            "managed_policy_arns": [],
            "max_session_duration": 3600,
            "name": "transaction-producer-test",
            "name_prefix": "",
            "path": "/",
            "permissions_boundary": "",
            "tags": {
              "Application": "FraudDetection",
              "CostCenter": "Engineering",
              "Team": "Platform"
            },
            "tags_all": {
              "Application": "FraudDetection",
              "CostCenter": "Engineering",
              "Environment": "test",
              "ManagedBy": "Terraform",
              "Project": "fraud-detection-system",
              "Team": "Platform"
            },
            "unique_id": "AROAQ2XPNSL2K22VND44A"
          },
          "sensitive_attributes": [],
          "identity_schema_version": 0,
          "private": "bnVsbA==",
          "dependencies": [
            "aws_eks_cluster.main",
            "aws_iam_openid_connect_provider.eks",
            "aws_iam_role.eks_cluster",
            "aws_iam_role_policy_attachment.eks_cluster_policy",
            "aws_iam_role_policy_attachment.eks_vpc_resource_controller",
            "aws_security_group.eks_cluster",
            "aws_subnet.eks_public",
            "aws_vpc.eks_vpc",
            "data.aws_availability_zones.available",
            "data.aws_caller_identity.current",
            "data.aws_partition.current"
          ]
        }
      ]
    },
    {
      "mode": "managed",
      "type": "aws_iam_role_policy",
      "name": "fraud_detection_logs_policy",
      "provider": "provider[\"registry.terraform.io/hashicorp/aws\"]",
      "instances": [
        {
          "index_key": 0,
          "schema_version": 0,
          "attributes": {
            "id": "fraud-detection-service-test:cloudwatch-logs-policy",
            "name": "cloudwatch-logs-policy",
            "name_prefix": "",
            "policy": "{\"Version\":\"2012-10-17\",\"Statement\":[{\"Action\":[\"logs:CreateLogGroup\",\"logs:CreateLogStream\",\"logs:PutLogEvents\",\"logs:DescribeLogStreams\",\"logs:DescribeLogGroups\"],\"Effect\":\"Allow\",\"Resource\":[\"arn:aws:logs:us-east-1:057410425588:log-group:/aws/fraud-detection/test/fraud-detection-service\",\"arn:aws:logs:us-east-1:057410425588:log-group:/aws/fraud-detection/test/fraud-detection-service:*\"]},{\"Action\":[\"cloudwatch:PutMetricData\"],\"Condition\":{\"StringEquals\":{\"cloudwatch:namespace\":\"FraudDetection\"}},\"Effect\":\"Allow\",\"Resource\":\"*\"}]}",
            "role": "fraud-detection-service-test"
          },
          "sensitive_attributes": [],
          "identity_schema_version": 0,
          "private": "bnVsbA==",
          "dependencies": [
            "aws_eks_cluster.main",
            "aws_iam_openid_connect_provider.eks",
            "aws_iam_role.eks_cluster",
            "aws_iam_role.fraud_detection_role",
            "aws_iam_role_policy_attachment.eks_cluster_policy",
            "aws_iam_role_policy_attachment.eks_vpc_resource_controller",
            "aws_security_group.eks_cluster",
            "aws_subnet.eks_public",
            "aws_vpc.eks_vpc",
            "data.aws_availability_zones.available",
            "data.aws_caller_identity.current",
            "data.aws_partition.current"
          ]
        }
      ]
    },
    {
      "mode": "managed",
      "type": "aws_iam_role_policy",
      "name": "fraud_detection_sqs_policy",
      "provider": "provider[\"registry.terraform.io/hashicorp/aws\"]",
      "instances": [
        {
          "schema_version": 0,
          "attributes": {
            "id": "fraud-detection-service-test:sqs-consumer-policy",
            "name": "sqs-consumer-policy",
            "name_prefix": "",
            "policy": "{\"Version\":\"2012-10-17\",\"Statement\":[{\"Action\":[\"sqs:ReceiveMessage\",\"sqs:DeleteMessage\",\"sqs:GetQueueAttributes\",\"sqs:GetQueueUrl\",\"sqs:ChangeMessageVisibility\"],\"Effect\":\"Allow\",\"Resource\":\"arn:aws:sqs:us-east-1:057410425588:fraud-detection-queue-test\"}]}",
            "role": "fraud-detection-service-test"
          },
          "sensitive_attributes": [],
          "identity_schema_version": 0,
          "private": "bnVsbA==",
          "dependencies": [
            "aws_eks_cluster.main",
            "aws_iam_openid_connect_provider.eks",
            "aws_iam_role.eks_cluster",
            "aws_iam_role.fraud_detection_role",
            "aws_iam_role_policy_attachment.eks_cluster_policy",
            "aws_iam_role_policy_attachment.eks_vpc_resource_controller",
            "aws_security_group.eks_cluster",
            "aws_sqs_queue.fraud_detection_dlq",
            "aws_sqs_queue.fraud_detection_queue",
            "aws_subnet.eks_public",
            "aws_vpc.eks_vpc",
            "data.aws_availability_zones.available",
            "data.aws_caller_identity.current",
            "data.aws_partition.current"
          ]
        }
      ]
    },
    {
      "mode": "managed",
      "type": "aws_iam_role_policy",
      "name": "transaction_producer_logs_policy",
      "provider": "provider[\"registry.terraform.io/hashicorp/aws\"]",
      "instances": [
        {
          "index_key": 0,
          "schema_version": 0,
          "attributes": {
            "id": "transaction-producer-test:cloudwatch-logs-policy",
            "name": "cloudwatch-logs-policy",
            "name_prefix": "",
            "policy": "{\"Version\":\"2012-10-17\",\"Statement\":[{\"Action\":[\"logs:CreateLogGroup\",\"logs:CreateLogStream\",\"logs:PutLogEvents\",\"logs:DescribeLogStreams\",\"logs:DescribeLogGroups\"],\"Effect\":\"Allow\",\"Resource\":[\"arn:aws:logs:us-east-1:057410425588:log-group:/aws/fraud-detection/test/transaction-producer\",\"arn:aws:logs:us-east-1:057410425588:log-group:/aws/fraud-detection/test/transaction-producer:*\"]},{\"Action\":[\"cloudwatch:PutMetricData\"],\"Condition\":{\"StringEquals\":{\"cloudwatch:namespace\":\"FraudDetection\"}},\"Effect\":\"Allow\",\"Resource\":\"*\"}]}",
            "role": "transaction-producer-test"
          },
          "sensitive_attributes": [],
          "identity_schema_version": 0,
          "private": "bnVsbA==",
          "dependencies": [
            "aws_eks_cluster.main",
            "aws_iam_openid_connect_provider.eks",
            "aws_iam_role.eks_cluster",
            "aws_iam_role.transaction_producer_role",
            "aws_iam_role_policy_attachment.eks_cluster_policy",
            "aws_iam_role_policy_attachment.eks_vpc_resource_controller",
            "aws_security_group.eks_cluster",
            "aws_subnet.eks_public",
            "aws_vpc.eks_vpc",
            "data.aws_availability_zones.available",
            "data.aws_caller_identity.current",
            "data.aws_partition.current"
          ]
        }
      ]
    },
    {
      "mode": "managed",
      "type": "aws_iam_role_policy",
      "name": "transaction_producer_sqs_policy",
      "provider": "provider[\"registry.terraform.io/hashicorp/aws\"]",
      "instances": [
        {
          "schema_version": 0,
          "attributes": {
            "id": "transaction-producer-test:sqs-publisher-policy",
            "name": "sqs-publisher-policy",
            "name_prefix": "",
            "policy": "{\"Version\":\"2012-10-17\",\"Statement\":[{\"Action\":[\"sqs:SendMessage\",\"sqs:GetQueueAttributes\",\"sqs:GetQueueUrl\"],\"Effect\":\"Allow\",\"Resource\":\"arn:aws:sqs:us-east-1:057410425588:fraud-detection-queue-test\"}]}",
            "role": "transaction-producer-test"
          },
          "sensitive_attributes": [],
          "identity_schema_version": 0,
          "private": "bnVsbA==",
          "dependencies": [
            "aws_eks_cluster.main",
            "aws_iam_openid_connect_provider.eks",
            "aws_iam_role.eks_cluster",
            "aws_iam_role.transaction_producer_role",
            "aws_iam_role_policy_attachment.eks_cluster_policy",
            "aws_iam_role_policy_attachment.eks_vpc_resource_controller",
            "aws_security_group.eks_cluster",
            "aws_sqs_queue.fraud_detection_dlq",
            "aws_sqs_queue.fraud_detection_queue",
            "aws_subnet.eks_public",
            "aws_vpc.eks_vpc",
            "data.aws_availability_zones.available",
            "data.aws_caller_identity.current",
            "data.aws_partition.current"
          ]
        }
      ]
    },
    {
      "mode": "managed",
      "type": "aws_iam_role_policy_attachment",
      "name": "eks_cluster_policy",
      "provider": "provider[\"registry.terraform.io/hashicorp/aws\"]",
      "instances": [
        {
          "index_key": 0,
          "schema_version": 0,
          "attributes": {
            "id": "fraud-detection-eks-cluster-test-20251202131227778100000002",
            "policy_arn": "arn:aws:iam::aws:policy/AmazonEKSClusterPolicy",
            "role": "fraud-detection-eks-cluster-test"
          },
          "sensitive_attributes": [],
          "identity_schema_version": 0,
          "private": "bnVsbA==",
          "dependencies": [
            "aws_iam_role.eks_cluster"
          ]
        }
      ]
    },
    {
      "mode": "managed",
      "type": "aws_iam_role_policy_attachment",
      "name": "eks_cni_policy",
      "provider": "provider[\"registry.terraform.io/hashicorp/aws\"]",
      "instances": [
        {
          "index_key": 0,
          "schema_version": 0,
          "attributes": {
            "id": "fraud-detection-eks-nodes-test-20251202131228108000000003",
            "policy_arn": "arn:aws:iam::aws:policy/AmazonEKS_CNI_Policy",
            "role": "fraud-detection-eks-nodes-test"
          },
          "sensitive_attributes": [],
          "identity_schema_version": 0,
          "private": "bnVsbA==",
          "dependencies": [
            "aws_iam_role.eks_nodes"
          ]
        }
      ]
    },
    {
      "mode": "managed",
      "type": "aws_iam_role_policy_attachment",
      "name": "eks_container_registry_policy",
      "provider": "provider[\"registry.terraform.io/hashicorp/aws\"]",
      "instances": [
        {
          "index_key": 0,
          "schema_version": 0,
          "attributes": {
            "id": "fraud-detection-eks-nodes-test-20251202131228435600000005",
            "policy_arn": "arn:aws:iam::aws:policy/AmazonEC2ContainerRegistryReadOnly",
            "role": "fraud-detection-eks-nodes-test"
          },
          "sensitive_attributes": [],
          "identity_schema_version": 0,
          "private": "bnVsbA==",
          "dependencies": [
            "aws_iam_role.eks_nodes"
          ]
        }
      ]
    },
    {
      "mode": "managed",
      "type": "aws_iam_role_policy_attachment",
      "name": "eks_vpc_resource_controller",
      "provider": "provider[\"registry.terraform.io/hashicorp/aws\"]",
      "instances": [
        {
          "index_key": 0,
          "schema_version": 0,
          "attributes": {
            "id": "fraud-detection-eks-cluster-test-20251202131227766000000001",
            "policy_arn": "arn:aws:iam::aws:policy/AmazonEKSVPCResourceController",
            "role": "fraud-detection-eks-cluster-test"
          },
          "sensitive_attributes": [],
          "identity_schema_version": 0,
          "private": "bnVsbA==",
          "dependencies": [
            "aws_iam_role.eks_cluster"
          ]
        }
      ]
    },
    {
      "mode": "managed",
      "type": "aws_iam_role_policy_attachment",
      "name": "eks_worker_node_policy",
      "provider": "provider[\"registry.terraform.io/hashicorp/aws\"]",
      "instances": [
        {
          "index_key": 0,
          "schema_version": 0,
          "attributes": {
            "id": "fraud-detection-eks-nodes-test-20251202131228109900000004",
            "policy_arn": "arn:aws:iam::aws:policy/AmazonEKSWorkerNodePolicy",
            "role": "fraud-detection-eks-nodes-test"
          },
          "sensitive_attributes": [],
          "identity_schema_version": 0,
          "private": "bnVsbA==",
          "dependencies": [
            "aws_iam_role.eks_nodes"
          ]
        }
      ]
    },
    {
      "mode": "managed",
      "type": "aws_iam_user_policy_attachment",
      "name": "github_actions_eks_deploy",
      "provider": "provider[\"registry.terraform.io/hashicorp/aws\"]",
      "instances": [
        {
          "index_key": 0,
          "schema_version": 0,
          "attributes": {
            "id": "aws_user-20251203000617635800000001",
            "policy_arn": "arn:aws:iam::057410425588:policy/GithubActionsEKSDeployPolicy-test",
            "user": "aws_user"
          },
          "sensitive_attributes": [],
          "identity_schema_version": 0,
          "private": "bnVsbA==",
          "dependencies": [
            "aws_iam_policy.github_actions_eks_deploy",
            "data.aws_caller_identity.current",
            "data.aws_iam_user.github_actions_user",
            "data.aws_partition.current"
          ]
        }
      ]
    },
    {
      "mode": "managed",
      "type": "aws_internet_gateway",
      "name": "eks_igw",
      "provider": "provider[\"registry.terraform.io/hashicorp/aws\"]",
      "instances": [
        {
          "index_key": 0,
          "schema_version": 0,
          "attributes": {
            "arn": "arn:aws:ec2:us-east-1:057410425588:internet-gateway/igw-0925ded832dda4efa",
            "id": "igw-0925ded832dda4efa",
            "owner_id": "057410425588",
            "tags": {
              "Application": "FraudDetection",
              "CostCenter": "Engineering",
              "Name": "fraud-detection-igw-test",
              "Team": "Platform"
            },
            "tags_all": {
              "Application": "FraudDetection",
              "CostCenter": "Engineering",
              "Environment": "test",
              "ManagedBy": "Terraform",
              "Name": "fraud-detection-igw-test",
              "Project": "fraud-detection-system",
              "Team": "Platform"
            },
            "timeouts": null,
            "vpc_id": "vpc-0f41e62e18784c5dc"
          },
          "sensitive_attributes": [],
          "identity_schema_version": 0,
          "private": "eyJlMmJmYjczMC1lY2FhLTExZTYtOGY4OC0zNDM2M2JjN2M0YzAiOnsiY3JlYXRlIjoxMjAwMDAwMDAwMDAwLCJkZWxldGUiOjEyMDAwMDAwMDAwMDAsInVwZGF0ZSI6MTIwMDAwMDAwMDAwMH19",
          "dependencies": [
            "aws_vpc.eks_vpc"
          ]
        }
      ]
    },
    {
      "mode": "managed",
      "type": "aws_route_table",
      "name": "eks_public",
      "provider": "provider[\"registry.terraform.io/hashicorp/aws\"]",
      "instances": [
        {
          "index_key": 0,
          "schema_version": 0,
          "attributes": {
            "arn": "arn:aws:ec2:us-east-1:057410425588:route-table/rtb-0bf494fa03127c2e1",
            "id": "rtb-0bf494fa03127c2e1",
            "owner_id": "057410425588",
            "propagating_vgws": [],
            "route": [
              {
                "carrier_gateway_id": "",
                "cidr_block": "0.0.0.0/0",
                "core_network_arn": "",
                "destination_prefix_list_id": "",
                "egress_only_gateway_id": "",
                "gateway_id": "igw-0925ded832dda4efa",
                "ipv6_cidr_block": "",
                "local_gateway_id": "",
                "nat_gateway_id": "",
                "network_interface_id": "",
                "transit_gateway_id": "",
                "vpc_endpoint_id": "",
                "vpc_peering_connection_id": ""
              }
            ],
            "tags": {
              "Application": "FraudDetection",
              "CostCenter": "Engineering",
              "Name": "fraud-detection-public-rt-test",
              "Team": "Platform"
            },
            "tags_all": {
              "Application": "FraudDetection",
              "CostCenter": "Engineering",
              "Environment": "test",
              "ManagedBy": "Terraform",
              "Name": "fraud-detection-public-rt-test",
              "Project": "fraud-detection-system",
              "Team": "Platform"
            },
            "timeouts": null,
            "vpc_id": "vpc-0f41e62e18784c5dc"
          },
          "sensitive_attributes": [],
          "identity_schema_version": 0,
          "private": "eyJlMmJmYjczMC1lY2FhLTExZTYtOGY4OC0zNDM2M2JjN2M0YzAiOnsiY3JlYXRlIjozMDAwMDAwMDAwMDAsImRlbGV0ZSI6MzAwMDAwMDAwMDAwLCJ1cGRhdGUiOjEyMDAwMDAwMDAwMH19",
          "dependencies": [
            "aws_internet_gateway.eks_igw",
            "aws_vpc.eks_vpc"
          ]
        }
      ]
    },
    {
      "mode": "managed",
      "type": "aws_route_table_association",
      "name": "eks_public",
      "provider": "provider[\"registry.terraform.io/hashicorp/aws\"]",
      "instances": [
        {
          "index_key": 0,
          "schema_version": 0,
          "attributes": {
            "gateway_id": "",
            "id": "rtbassoc-0fca5dec29d575974",
            "route_table_id": "rtb-0bf494fa03127c2e1",
            "subnet_id": "subnet-09b5efc967d481868",
            "timeouts": null
          },
          "sensitive_attributes": [],
          "identity_schema_version": 0,
          "private": "eyJlMmJmYjczMC1lY2FhLTExZTYtOGY4OC0zNDM2M2JjN2M0YzAiOnsiY3JlYXRlIjozMDAwMDAwMDAwMDAsImRlbGV0ZSI6MzAwMDAwMDAwMDAwLCJ1cGRhdGUiOjEyMDAwMDAwMDAwMH19",
          "dependencies": [
            "aws_internet_gateway.eks_igw",
            "aws_route_table.eks_public",
            "aws_subnet.eks_public",
            "aws_vpc.eks_vpc",
            "data.aws_availability_zones.available"
          ]
        },
        {
          "index_key": 1,
          "schema_version": 0,
          "attributes": {
            "gateway_id": "",
            "id": "rtbassoc-0546299e469887bed",
            "route_table_id": "rtb-0bf494fa03127c2e1",
            "subnet_id": "subnet-007ba32bd3bcb0c3f",
            "timeouts": null
          },
          "sensitive_attributes": [],
          "identity_schema_version": 0,
          "private": "eyJlMmJmYjczMC1lY2FhLTExZTYtOGY4OC0zNDM2M2JjN2M0YzAiOnsiY3JlYXRlIjozMDAwMDAwMDAwMDAsImRlbGV0ZSI6MzAwMDAwMDAwMDAwLCJ1cGRhdGUiOjEyMDAwMDAwMDAwMH19",
          "dependencies": [
            "aws_internet_gateway.eks_igw",
            "aws_route_table.eks_public",
            "aws_subnet.eks_public",
            "aws_vpc.eks_vpc",
            "data.aws_availability_zones.available"
          ]
        }
      ]
    },
    {
      "mode": "managed",
      "type": "aws_security_group",
      "name": "eks_cluster",
      "provider": "provider[\"registry.terraform.io/hashicorp/aws\"]",
      "instances": [
        {
          "index_key": 0,
          "schema_version": 1,
          "attributes": {
            "arn": "arn:aws:ec2:us-east-1:057410425588:security-group/sg-08164dd8702495e3e",
            "description": "Security group for EKS cluster",
            "egress": [
              {
                "cidr_blocks": [
                  "0.0.0.0/0"
                ],
                "description": "",
                "from_port": 0,
                "ipv6_cidr_blocks": [],
                "prefix_list_ids": [],
                "protocol": "-1",
                "security_groups": [],
                "self": false,
                "to_port": 0
              }
            ],
            "id": "sg-08164dd8702495e3e",
            "ingress": [],
            "name": "fraud-detection-eks-cluster-sg-test",
            "name_prefix": "",
            "owner_id": "057410425588",
            "revoke_rules_on_delete": false,
            "tags": {
              "Application": "FraudDetection",
              "CostCenter": "Engineering",
              "Name": "fraud-detection-eks-cluster-sg-test",
              "Team": "Platform"
            },
            "tags_all": {
              "Application": "FraudDetection",
              "CostCenter": "Engineering",
              "Environment": "test",
              "ManagedBy": "Terraform",
              "Name": "fraud-detection-eks-cluster-sg-test",
              "Project": "fraud-detection-system",
              "Team": "Platform"
            },
            "timeouts": null,
            "vpc_id": "vpc-0f41e62e18784c5dc"
          },
          "sensitive_attributes": [],
          "identity_schema_version": 0,
          "private": "eyJlMmJmYjczMC1lY2FhLTExZTYtOGY4OC0zNDM2M2JjN2M0YzAiOnsiY3JlYXRlIjo2MDAwMDAwMDAwMDAsImRlbGV0ZSI6OTAwMDAwMDAwMDAwfSwic2NoZW1hX3ZlcnNpb24iOiIxIn0=",
          "dependencies": [
            "aws_vpc.eks_vpc"
          ]
        }
      ]
    },
    {
      "mode": "managed",
      "type": "aws_security_group",
      "name": "eks_nodes",
      "provider": "provider[\"registry.terraform.io/hashicorp/aws\"]",
      "instances": [
        {
          "index_key": 0,
          "schema_version": 1,
          "attributes": {
            "arn": "arn:aws:ec2:us-east-1:057410425588:security-group/sg-02d4dcfb8b68cfc18",
            "description": "Security group for EKS nodes",
            "egress": [
              {
                "cidr_blocks": [
                  "0.0.0.0/0"
                ],
                "description": "",
                "from_port": 0,
                "ipv6_cidr_blocks": [],
                "prefix_list_ids": [],
                "protocol": "-1",
                "security_groups": [],
                "self": false,
                "to_port": 0
              }
            ],
            "id": "sg-02d4dcfb8b68cfc18",
            "ingress": [
              {
                "cidr_blocks": [],
                "description": "Allow cluster to communicate with nodes",
                "from_port": 1025,
                "ipv6_cidr_blocks": [],
                "prefix_list_ids": [],
                "protocol": "tcp",
                "security_groups": [
                  "sg-08164dd8702495e3e"
                ],
                "self": false,
                "to_port": 65535
              },
              {
                "cidr_blocks": [],
                "description": "Allow nodes to communicate with each other",
                "from_port": 0,
                "ipv6_cidr_blocks": [],
                "prefix_list_ids": [],
                "protocol": "-1",
                "security_groups": [],
                "self": true,
                "to_port": 0
              }
            ],
            "name": "fraud-detection-eks-nodes-sg-test",
            "name_prefix": "",
            "owner_id": "057410425588",
            "revoke_rules_on_delete": false,
            "tags": {
              "Application": "FraudDetection",
              "CostCenter": "Engineering",
              "Name": "fraud-detection-eks-nodes-sg-test",
              "Team": "Platform"
            },
            "tags_all": {
              "Application": "FraudDetection",
              "CostCenter": "Engineering",
              "Environment": "test",
              "ManagedBy": "Terraform",
              "Name": "fraud-detection-eks-nodes-sg-test",
              "Project": "fraud-detection-system",
              "Team": "Platform"
            },
            "timeouts": null,
            "vpc_id": "vpc-0f41e62e18784c5dc"
          },
          "sensitive_attributes": [],
          "identity_schema_version": 0,
          "private": "eyJlMmJmYjczMC1lY2FhLTExZTYtOGY4OC0zNDM2M2JjN2M0YzAiOnsiY3JlYXRlIjo2MDAwMDAwMDAwMDAsImRlbGV0ZSI6OTAwMDAwMDAwMDAwfSwic2NoZW1hX3ZlcnNpb24iOiIxIn0=",
          "dependencies": [
            "aws_security_group.eks_cluster",
            "aws_vpc.eks_vpc"
          ]
        }
      ]
    },
    {
      "mode": "managed",
      "type": "aws_sqs_queue",
      "name": "fraud_detection_dlq",
      "provider": "provider[\"registry.terraform.io/hashicorp/aws\"]",
      "instances": [
        {
          "schema_version": 0,
          "attributes": {
            "arn": "arn:aws:sqs:us-east-1:057410425588:fraud-detection-dlq-test",
            "content_based_deduplication": false,
            "deduplication_scope": "",
            "delay_seconds": 0,
            "fifo_queue": false,
            "fifo_throughput_limit": "",
            "id": "https://sqs.us-east-1.amazonaws.com/057410425588/fraud-detection-dlq-test",
            "kms_data_key_reuse_period_seconds": 300,
            "kms_master_key_id": "",
            "max_message_size": 262144,
            "message_retention_seconds": 1209600,
            "name": "fraud-detection-dlq-test",
            "name_prefix": "",
            "policy": "",
            "receive_wait_time_seconds": 0,
            "redrive_allow_policy": "",
            "redrive_policy": "",
            "sqs_managed_sse_enabled": true,
            "tags": {
              "Application": "FraudDetection",
              "CostCenter": "Engineering",
              "Name": "fraud-detection-dlq-test",
              "Team": "Platform",
              "Type": "DLQ"
            },
            "tags_all": {
              "Application": "FraudDetection",
              "CostCenter": "Engineering",
              "Environment": "test",
              "ManagedBy": "Terraform",
              "Name": "fraud-detection-dlq-test",
              "Project": "fraud-detection-system",
              "Team": "Platform",
              "Type": "DLQ"
            },
            "timeouts": null,
            "url": "https://sqs.us-east-1.amazonaws.com/057410425588/fraud-detection-dlq-test",
            "visibility_timeout_seconds": 30
          },
          "sensitive_attributes": [],
          "identity_schema_version": 0,
          "private": "eyJlMmJmYjczMC1lY2FhLTExZTYtOGY4OC0zNDM2M2JjN2M0YzAiOnsiY3JlYXRlIjoxODAwMDAwMDAwMDAsImRlbGV0ZSI6MTgwMDAwMDAwMDAwLCJ1cGRhdGUiOjE4MDAwMDAwMDAwMH19"
        }
      ]
    },
    {
      "mode": "managed",
      "type": "aws_sqs_queue",
      "name": "fraud_detection_queue",
      "provider": "provider[\"registry.terraform.io/hashicorp/aws\"]",
      "instances": [
        {
          "schema_version": 0,
          "attributes": {
            "arn": "arn:aws:sqs:us-east-1:057410425588:fraud-detection-queue-test",
            "content_based_deduplication": false,
            "deduplication_scope": "",
            "delay_seconds": 0,
            "fifo_queue": false,
            "fifo_throughput_limit": "",
            "id": "https://sqs.us-east-1.amazonaws.com/057410425588/fraud-detection-queue-test",
            "kms_data_key_reuse_period_seconds": 300,
            "kms_master_key_id": "",
            "max_message_size": 262144,
            "message_retention_seconds": 86400,
            "name": "fraud-detection-queue-test",
            "name_prefix": "",
            "policy": "{\"Statement\":[{\"Action\":[\"sqs:SendMessage\",\"sqs:ReceiveMessage\",\"sqs:DeleteMessage\",\"sqs:GetQueueAttributes\"],\"Effect\":\"Allow\",\"Principal\":{\"AWS\":[\"arn:aws:iam::057410425588:role/transaction-producer-test\",\"arn:aws:iam::057410425588:role/fraud-detection-service-test\"]},\"Resource\":\"arn:aws:sqs:us-east-1:057410425588:fraud-detection-queue-test\",\"Sid\":\"AllowIAMRoleAccess\"}],\"Version\":\"2012-10-17\"}",
            "receive_wait_time_seconds": 20,
            "redrive_allow_policy": "",
            "redrive_policy": "{\"deadLetterTargetArn\":\"arn:aws:sqs:us-east-1:057410425588:fraud-detection-dlq-test\",\"maxReceiveCount\":3}",
            "sqs_managed_sse_enabled": true,
            "tags": {
              "Application": "FraudDetection",
              "CostCenter": "Engineering",
              "Name": "fraud-detection-queue-test",
              "Team": "Platform",
              "Type": "Main"
            },
            "tags_all": {
              "Application": "FraudDetection",
              "CostCenter": "Engineering",
              "Environment": "test",
              "ManagedBy": "Terraform",
              "Name": "fraud-detection-queue-test",
              "Project": "fraud-detection-system",
              "Team": "Platform",
              "Type": "Main"
            },
            "timeouts": null,
            "url": "https://sqs.us-east-1.amazonaws.com/057410425588/fraud-detection-queue-test",
            "visibility_timeout_seconds": 30
          },
          "sensitive_attributes": [],
          "identity_schema_version": 0,
          "private": "eyJlMmJmYjczMC1lY2FhLTExZTYtOGY4OC0zNDM2M2JjN2M0YzAiOnsiY3JlYXRlIjoxODAwMDAwMDAwMDAsImRlbGV0ZSI6MTgwMDAwMDAwMDAwLCJ1cGRhdGUiOjE4MDAwMDAwMDAwMH19",
          "dependencies": [
            "aws_sqs_queue.fraud_detection_dlq"
          ]
        }
      ]
    },
    {
      "mode": "managed",
      "type": "aws_sqs_queue_policy",
      "name": "fraud_detection_queue_policy",
      "provider": "provider[\"registry.terraform.io/hashicorp/aws\"]",
      "instances": [
        {
          "schema_version": 1,
          "attributes": {
            "id": "https://sqs.us-east-1.amazonaws.com/057410425588/fraud-detection-queue-test",
            "policy": "{\"Statement\":[{\"Action\":[\"sqs:SendMessage\",\"sqs:ReceiveMessage\",\"sqs:DeleteMessage\",\"sqs:GetQueueAttributes\"],\"Effect\":\"Allow\",\"Principal\":{\"AWS\":[\"arn:aws:iam::057410425588:role/fraud-detection-service-test\",\"arn:aws:iam::057410425588:role/transaction-producer-test\"]},\"Resource\":\"arn:aws:sqs:us-east-1:057410425588:fraud-detection-queue-test\",\"Sid\":\"AllowIAMRoleAccess\"}],\"Version\":\"2012-10-17\"}",
            "queue_url": "https://sqs.us-east-1.amazonaws.com/057410425588/fraud-detection-queue-test"
          },
          "sensitive_attributes": [],
          "identity_schema_version": 0,
          "private": "eyJzY2hlbWFfdmVyc2lvbiI6IjEifQ==",
          "dependencies": [
            "aws_eks_cluster.main",
            "aws_iam_openid_connect_provider.eks",
            "aws_iam_role.eks_cluster",
            "aws_iam_role.fraud_detection_role",
            "aws_iam_role.transaction_producer_role",
            "aws_iam_role_policy_attachment.eks_cluster_policy",
            "aws_iam_role_policy_attachment.eks_vpc_resource_controller",
            "aws_security_group.eks_cluster",
            "aws_sqs_queue.fraud_detection_dlq",
            "aws_sqs_queue.fraud_detection_queue",
            "aws_subnet.eks_public",
            "aws_vpc.eks_vpc",
            "data.aws_availability_zones.available",
            "data.aws_caller_identity.current",
            "data.aws_partition.current"
          ]
        }
      ]
    },
    {
      "mode": "managed",
      "type": "aws_subnet",
      "name": "eks_public",
      "provider": "provider[\"registry.terraform.io/hashicorp/aws\"]",
      "instances": [
        {
          "index_key": 0,
          "schema_version": 1,
          "attributes": {
            "arn": "arn:aws:ec2:us-east-1:057410425588:subnet/subnet-09b5efc967d481868",
            "assign_ipv6_address_on_creation": false,
            "availability_zone": "us-east-1a",
            "availability_zone_id": "use1-az1",
            "cidr_block": "10.0.0.0/24",
            "customer_owned_ipv4_pool": "",
            "enable_dns64": false,
            "enable_lni_at_device_index": 0,
            "enable_resource_name_dns_a_record_on_launch": false,
            "enable_resource_name_dns_aaaa_record_on_launch": false,
            "id": "subnet-09b5efc967d481868",
            "ipv6_cidr_block": "",
            "ipv6_cidr_block_association_id": "",
            "ipv6_native": false,
            "map_customer_owned_ip_on_launch": false,
            "map_public_ip_on_launch": true,
            "outpost_arn": "",
            "owner_id": "057410425588",
            "private_dns_hostname_type_on_launch": "ip-name",
            "tags": {
              "Application": "FraudDetection",
              "CostCenter": "Engineering",
              "Name": "fraud-detection-public-1-test",
              "Team": "Platform",
              "kubernetes.io/cluster/fraud-detection-cluster-test": "shared",
              "kubernetes.io/role/elb": "1"
            },
            "tags_all": {
              "Application": "FraudDetection",
              "CostCenter": "Engineering",
              "Environment": "test",
              "ManagedBy": "Terraform",
              "Name": "fraud-detection-public-1-test",
              "Project": "fraud-detection-system",
              "Team": "Platform",
              "kubernetes.io/cluster/fraud-detection-cluster-test": "shared",
              "kubernetes.io/role/elb": "1"
            },
            "timeouts": null,
            "vpc_id": "vpc-0f41e62e18784c5dc"
          },
          "sensitive_attributes": [],
          "identity_schema_version": 0,
          "private": "eyJlMmJmYjczMC1lY2FhLTExZTYtOGY4OC0zNDM2M2JjN2M0YzAiOnsiY3JlYXRlIjo2MDAwMDAwMDAwMDAsImRlbGV0ZSI6MTIwMDAwMDAwMDAwMH0sInNjaGVtYV92ZXJzaW9uIjoiMSJ9",
          "dependencies": [
            "aws_vpc.eks_vpc",
            "data.aws_availability_zones.available"
          ]
        },
        {
          "index_key": 1,
          "schema_version": 1,
          "attributes": {
            "arn": "arn:aws:ec2:us-east-1:057410425588:subnet/subnet-007ba32bd3bcb0c3f",
            "assign_ipv6_address_on_creation": false,
            "availability_zone": "us-east-1b",
            "availability_zone_id": "use1-az2",
            "cidr_block": "10.0.1.0/24",
            "customer_owned_ipv4_pool": "",
            "enable_dns64": false,
            "enable_lni_at_device_index": 0,
            "enable_resource_name_dns_a_record_on_launch": false,
            "enable_resource_name_dns_aaaa_record_on_launch": false,
            "id": "subnet-007ba32bd3bcb0c3f",
            "ipv6_cidr_block": "",
            "ipv6_cidr_block_association_id": "",
            "ipv6_native": false,
            "map_customer_owned_ip_on_launch": false,
            "map_public_ip_on_launch": true,
            "outpost_arn": "",
            "owner_id": "057410425588",
            "private_dns_hostname_type_on_launch": "ip-name",
            "tags": {
              "Application": "FraudDetection",
              "CostCenter": "Engineering",
              "Name": "fraud-detection-public-2-test",
              "Team": "Platform",
              "kubernetes.io/cluster/fraud-detection-cluster-test": "shared",
              "kubernetes.io/role/elb": "1"
            },
            "tags_all": {
              "Application": "FraudDetection",
              "CostCenter": "Engineering",
              "Environment": "test",
              "ManagedBy": "Terraform",
              "Name": "fraud-detection-public-2-test",
              "Project": "fraud-detection-system",
              "Team": "Platform",
              "kubernetes.io/cluster/fraud-detection-cluster-test": "shared",
              "kubernetes.io/role/elb": "1"
            },
            "timeouts": null,
            "vpc_id": "vpc-0f41e62e18784c5dc"
          },
          "sensitive_attributes": [],
          "identity_schema_version": 0,
          "private": "eyJlMmJmYjczMC1lY2FhLTExZTYtOGY4OC0zNDM2M2JjN2M0YzAiOnsiY3JlYXRlIjo2MDAwMDAwMDAwMDAsImRlbGV0ZSI6MTIwMDAwMDAwMDAwMH0sInNjaGVtYV92ZXJzaW9uIjoiMSJ9",
          "dependencies": [
            "aws_vpc.eks_vpc",
            "data.aws_availability_zones.available"
          ]
        }
      ]
    },
    {
      "mode": "managed",
      "type": "aws_vpc",
      "name": "eks_vpc",
      "provider": "provider[\"registry.terraform.io/hashicorp/aws\"]",
      "instances": [
        {
          "index_key": 0,
          "schema_version": 1,
          "attributes": {
            "arn": "arn:aws:ec2:us-east-1:057410425588:vpc/vpc-0f41e62e18784c5dc",
            "assign_generated_ipv6_cidr_block": false,
            "cidr_block": "10.0.0.0/16",
            "default_network_acl_id": "acl-04584d18db1309605",
            "default_route_table_id": "rtb-07320043801ad2f5d",
            "default_security_group_id": "sg-04cb38401e2700ebc",
            "dhcp_options_id": "dopt-0819504c7fe857acd",
            "enable_dns_hostnames": true,
            "enable_dns_support": true,
            "enable_network_address_usage_metrics": false,
            "id": "vpc-0f41e62e18784c5dc",
            "instance_tenancy": "default",
            "ipv4_ipam_pool_id": null,
            "ipv4_netmask_length": null,
            "ipv6_association_id": "",
            "ipv6_cidr_block": "",
            "ipv6_cidr_block_network_border_group": "",
            "ipv6_ipam_pool_id": "",
            "ipv6_netmask_length": 0,
            "main_route_table_id": "rtb-07320043801ad2f5d",
            "owner_id": "057410425588",
            "tags": {
              "Application": "FraudDetection",
              "CostCenter": "Engineering",
              "Name": "fraud-detection-vpc-test",
              "Team": "Platform",
              "kubernetes.io/cluster/fraud-detection-cluster-test": "shared"
            },
            "tags_all": {
              "Application": "FraudDetection",
              "CostCenter": "Engineering",
              "Environment": "test",
              "ManagedBy": "Terraform",
              "Name": "fraud-detection-vpc-test",
              "Project": "fraud-detection-system",
              "Team": "Platform",
              "kubernetes.io/cluster/fraud-detection-cluster-test": "shared"
            }
          },
          "sensitive_attributes": [],
          "identity_schema_version": 0,
          "private": "eyJzY2hlbWFfdmVyc2lvbiI6IjEifQ=="
        }
      ]
    }
  ],
  "check_results": [
    {
      "object_kind": "var",
      "config_addr": "var.environment",
      "status": "pass",
      "objects": [
        {
          "object_addr": "var.environment",
          "status": "pass"
        }
      ]
    },
    {
      "object_kind": "var",
      "config_addr": "var.eks_node_capacity_type",
      "status": "pass",
      "objects": [
        {
          "object_addr": "var.eks_node_capacity_type",
          "status": "pass"
        }
      ]
    }
  ]
}
